
Microsoft Visual Studio Solution File, Format Version 12.00
# Visual Studio 2013
VisualStudioVersion = 12.0.30110.0
MinimumVisualStudioVersion = 10.0.40219.1
Project("{2150E333-8FDC-42A3-9474-1A3956D46DE8}") = "Solution Items", "Solution Items", "{CDD1DA5D-B3A3-4274-9F83-4ACDE54C34EF}"
	ProjectSection(SolutionItems) = preProject
		Command Line Arguments.txt = Command Line Arguments.txt
		How to build.txt = How to build.txt
	EndProjectSection
EndProject
Project("{2150E333-8FDC-42A3-9474-1A3956D46DE8}") = "sl40", "sl40", "{6312F712-1C0C-4E13-AAFA-F3A39FDE5785}"
EndProject
Project("{2150E333-8FDC-42A3-9474-1A3956D46DE8}") = "net40", "net40", "{D02EE7AB-5E92-4BF2-9ADC-1CFF12355895}"
EndProject
Project("{2150E333-8FDC-42A3-9474-1A3956D46DE8}") = "net35", "net35", "{63E573C9-D4C7-42E6-9055-DA74A2CB42CF}"
EndProject
Project("{2150E333-8FDC-42A3-9474-1A3956D46DE8}") = "sl50", "sl50", "{8F8C747C-8DCC-4F57-97DA-40C04F1B1922}"
EndProject
Project("{2150E333-8FDC-42A3-9474-1A3956D46DE8}") = "Samples", "Samples", "{A821787E-5D2A-4097-9F73-F8D445189AD1}"
EndProject
Project("{2150E333-8FDC-42A3-9474-1A3956D46DE8}") = "Extensions", "Extensions", "{7BEEA54B-F5D3-419F-85DE-C78F460B9B8D}"
EndProject
Project("{2150E333-8FDC-42A3-9474-1A3956D46DE8}") = "net40", "net40", "{2FCDD1B2-3CAF-45DD-A625-E7CEAA571CF1}"
EndProject
Project("{2150E333-8FDC-42A3-9474-1A3956D46DE8}") = "full fx", "full fx", "{BC8F0174-00B4-4E03-8A1F-8D14BE6C80EC}"
EndProject
Project("{2150E333-8FDC-42A3-9474-1A3956D46DE8}") = "sl50", "sl50", "{EF2AA829-F3C2-439B-9C86-CE5F835B9472}"
EndProject
Project("{2150E333-8FDC-42A3-9474-1A3956D46DE8}") = "Tests", "Tests", "{4D938E88-567A-4F81-A0E4-A56650C81053}"
EndProject
Project("{2150E333-8FDC-42A3-9474-1A3956D46DE8}") = "net35", "net35", "{BE2B43CC-201C-4004-8B1E-A173901D5276}"
EndProject
Project("{2150E333-8FDC-42A3-9474-1A3956D46DE8}") = "netcore45", "netcore45", "{490BDFC2-7311-4718-B8E4-9D2CD49AE961}"
EndProject
Project("{2150E333-8FDC-42A3-9474-1A3956D46DE8}") = "Tests", "Tests", "{098ABCAD-AE4B-4B21-91DD-103147C590B7}"
EndProject
Project("{2150E333-8FDC-42A3-9474-1A3956D46DE8}") = "netcore45", "netcore45", "{3D7BB1D1-8938-4AAC-91B7-A3AE7E950C24}"
EndProject
Project("{2150E333-8FDC-42A3-9474-1A3956D46DE8}") = "Tests", "Tests", "{8A7211BE-877E-4B4C-BDA8-B59EC3F8F1E6}"
EndProject
Project("{2150E333-8FDC-42A3-9474-1A3956D46DE8}") = "wp8", "wp8", "{15155C19-57D4-44ED-B448-8E108695B12E}"
EndProject
Project("{2150E333-8FDC-42A3-9474-1A3956D46DE8}") = "wp8", "wp8", "{C16EC3D2-FD92-4E8F-A5C2-73E8F80F84E1}"
EndProject
Project("{2150E333-8FDC-42A3-9474-1A3956D46DE8}") = "net45", "net45", "{FAEB9F94-DEC5-4304-8188-CA2C28693948}"
EndProject
Project("{2150E333-8FDC-42A3-9474-1A3956D46DE8}") = "net45", "net45", "{135601F4-F15B-4EB2-A3F9-1385E9C1AE93}"
EndProject
Project("{FAE04EC0-301F-11D3-BF4B-00C04F79EFBC}") = "Radical", "src\net35\Radical\Radical.csproj", "{C669FC1F-2AAF-4F22-B557-9C68F69A0B97}"
EndProject
Project("{FAE04EC0-301F-11D3-BF4B-00C04F79EFBC}") = "Radical.Windows", "src\net35\Radical.Windows\Radical.Windows.csproj", "{FCD5EF38-2602-43CE-AB0E-B01068873084}"
EndProject
Project("{FAE04EC0-301F-11D3-BF4B-00C04F79EFBC}") = "Radical.Design", "src\net35\Radical.Design\Radical.Design.csproj", "{5C7DD589-456C-4DD7-9A92-99C0F952D08C}"
EndProject
Project("{FAE04EC0-301F-11D3-BF4B-00C04F79EFBC}") = "Radical", "src\sl40\Radical.Silverlight\Radical.csproj", "{3D854D87-80FA-462A-A212-041A98CC41AB}"
EndProject
Project("{FAE04EC0-301F-11D3-BF4B-00C04F79EFBC}") = "Radical.Windows", "src\sl40\Radical.Windows.Silverlight\Radical.Windows.csproj", "{795B00CF-12B0-4B45-B686-309D831979A4}"
EndProject
Project("{FAE04EC0-301F-11D3-BF4B-00C04F79EFBC}") = "Radical.ServiceModel", "src\net40\Radical.ServiceModel\Radical.ServiceModel.csproj", "{49AE62F7-E68D-4D15-82C9-AEFAD0769FFF}"
EndProject
Project("{FAE04EC0-301F-11D3-BF4B-00C04F79EFBC}") = "Radical.ServiceModel", "src\net35\Radical.ServiceModel\Radical.ServiceModel.csproj", "{53515226-FBB6-477E-9C5F-4C5C592D6EC7}"
EndProject
Project("{FAE04EC0-301F-11D3-BF4B-00C04F79EFBC}") = "Radical.Windows.Presentation", "src\net40\Radical.Windows.Presentation\Radical.Windows.Presentation.csproj", "{591AD4DF-2FAD-4451-8A8A-5EF36ED2A2AC}"
EndProject
Project("{FAE04EC0-301F-11D3-BF4B-00C04F79EFBC}") = "Radical", "src\net40\Radical\Radical.csproj", "{B48B5BEC-DE0F-4310-9A36-FF9C07D77ACF}"
EndProject
Project("{FAE04EC0-301F-11D3-BF4B-00C04F79EFBC}") = "Radical.Design", "src\net40\Radical.Design\Radical.Design.csproj", "{253F225A-8A50-4D1B-825B-E8C45370E7A9}"
EndProject
Project("{FAE04EC0-301F-11D3-BF4B-00C04F79EFBC}") = "Radical.Windows", "src\net40\Radical.Windows\Radical.Windows.csproj", "{8AD2DC17-392C-4BBE-B34B-11A3ACB9DC86}"
EndProject
Project("{FAE04EC0-301F-11D3-BF4B-00C04F79EFBC}") = "Radical.Windows.Presentation.CastleWindsor", "src\net40\Radical.Windows.Presentation.CastleWindsor\Radical.Windows.Presentation.CastleWindsor.csproj", "{E72F0DF7-1725-4F64-AAFF-00208CD7553E}"
EndProject
Project("{FAE04EC0-301F-11D3-BF4B-00C04F79EFBC}") = "Radical.Windows.Presentation", "src\sl50\Radical.Windows.Presentation\Radical.Windows.Presentation.csproj", "{D0351D5D-7786-4E73-AD89-95D8F01262B5}"
EndProject
Project("{FAE04EC0-301F-11D3-BF4B-00C04F79EFBC}") = "Radical", "src\sl50\Radical\Radical.csproj", "{12369004-8AB7-45B0-82AD-0A5C47AE897B}"
EndProject
Project("{FAE04EC0-301F-11D3-BF4B-00C04F79EFBC}") = "Radical.Windows", "src\sl50\Radical.Windows\Radical.Windows.csproj", "{2FC39244-FCF8-4DB8-995E-1DC1AF72BD71}"
EndProject
Project("{FAE04EC0-301F-11D3-BF4B-00C04F79EFBC}") = "Radical.Extensions.Castle", "src\net40\Radical.Extensions.Castle\Radical.Extensions.Castle.csproj", "{E7F67B82-F777-4BE7-B774-57BB44DB3EB8}"
EndProject
Project("{FAE04EC0-301F-11D3-BF4B-00C04F79EFBC}") = "Radical.Samples", "src\sl50\Radical.Samples\Radical.Samples.csproj", "{6313E8C2-5D7D-4EB1-954D-24A7F1D2A4E7}"
EndProject
Project("{FAE04EC0-301F-11D3-BF4B-00C04F79EFBC}") = "Radical.Samples", "src\net40\Radical.Samples\Radical.Samples.csproj", "{5213A9D0-EBC6-4B79-88C5-F9618B22E566}"
EndProject
Project("{FAE04EC0-301F-11D3-BF4B-00C04F79EFBC}") = "Radical.Presentation.Samples", "src\sl50\Radical.Presentation.Samples\Radical.Presentation.Samples.csproj", "{BB03BD0F-E707-45B9-AAEE-2A8DEB9120D3}"
EndProject
Project("{FAE04EC0-301F-11D3-BF4B-00C04F79EFBC}") = "Test.Radical", "src\net35\Test.Radical\Test.Radical.csproj", "{240098B2-2092-4EB7-955C-15154052F6E7}"
EndProject
Project("{FAE04EC0-301F-11D3-BF4B-00C04F79EFBC}") = "Test.Radical.Windows", "src\net35\Test.Radical.Windows\Test.Radical.Windows.csproj", "{20FC6C18-4C37-4BAE-9482-B77B4664D058}"
EndProject
Project("{FAE04EC0-301F-11D3-BF4B-00C04F79EFBC}") = "Radical.Extensions.Castle", "src\net35\Radical.Extensions.Castle\Radical.Extensions.Castle.csproj", "{E30E5700-3630-43B0-9E7C-BD6ACD62BDC2}"
EndProject
Project("{FAE04EC0-301F-11D3-BF4B-00C04F79EFBC}") = "Radical", "src\netcore45\Radical\Radical.csproj", "{53002372-02B3-4CEA-BE25-350FD8FFCD50}"
EndProject
Project("{FAE04EC0-301F-11D3-BF4B-00C04F79EFBC}") = "Radical.Windows", "src\netcore45\Radical.Windows\Radical.Windows.csproj", "{471563FD-8737-458D-9A9B-31CECF479808}"
EndProject
Project("{FAE04EC0-301F-11D3-BF4B-00C04F79EFBC}") = "Radical.Windows.Presentation", "src\netcore45\Radical.Windows.Presentation\Radical.Windows.Presentation.csproj", "{00975B57-4823-4F0D-8E21-8C2E5270FD73}"
EndProject
Project("{FAE04EC0-301F-11D3-BF4B-00C04F79EFBC}") = "Radical.Windows.Presentation.Puzzle", "src\netcore45\Radical.Windows.Presentation.Puzzle\Radical.Windows.Presentation.Puzzle.csproj", "{516800DE-361F-40CD-949B-EDB990E500A9}"
EndProject
Project("{FAE04EC0-301F-11D3-BF4B-00C04F79EFBC}") = "Radical.Tests", "src\netcore45\Radical.Tests\Radical.Tests.csproj", "{1CA96C88-E2C3-438C-81A7-E7D9AFA657C4}"
EndProject
Project("{FAE04EC0-301F-11D3-BF4B-00C04F79EFBC}") = "Radical.Windows.Presentation.Conventions.Settings", "src\netcore45\Radical.Windows.Presentation.Conventions.Settings\Radical.Windows.Presentation.Conventions.Settings.csproj", "{B4B63892-FC31-4FD1-B1D8-1C1762AB58BA}"
EndProject
Project("{FAE04EC0-301F-11D3-BF4B-00C04F79EFBC}") = "Radical.Presentation.Samples", "src\netcore45\Radical.Presentation.Samples\Radical.Presentation.Samples.csproj", "{1857EF0E-2249-410D-982C-EE92571EB216}"
EndProject
Project("{FAE04EC0-301F-11D3-BF4B-00C04F79EFBC}") = "Test.Radical.Windows.Presentation", "src\net40\Test.Radical.Windows.Presentation\Test.Radical.Windows.Presentation.csproj", "{30EB1357-554D-432C-A01A-8B3145A8C119}"
EndProject
Project("{FAE04EC0-301F-11D3-BF4B-00C04F79EFBC}") = "Test.Radical.Extensions.Castle", "src\net35\Test.Radical.Extensions.Castle\Test.Radical.Extensions.Castle.csproj", "{0C67AB13-7A53-4AD5-956F-B2B7F1CB5BB0}"
EndProject
Project("{FAE04EC0-301F-11D3-BF4B-00C04F79EFBC}") = "Radical", "src\wp8\Radical\Radical.csproj", "{145DD07F-9C4C-42B0-B3C3-B539E9112E5F}"
EndProject
Project("{FAE04EC0-301F-11D3-BF4B-00C04F79EFBC}") = "Radical.Samples", "src\wp8\Radical.Samples\Radical.Samples.csproj", "{202F3285-4911-499F-90D0-0E6EA8563705}"
EndProject
Project("{FAE04EC0-301F-11D3-BF4B-00C04F79EFBC}") = "Radical", "src\net45\Radical\Radical.csproj", "{DB4E99F1-3CBE-4E76-9197-D6F884A0F618}"
EndProject
Project("{FAE04EC0-301F-11D3-BF4B-00C04F79EFBC}") = "Radical.Windows", "src\net45\Radical.Windows\Radical.Windows.csproj", "{135504B6-2A47-4E30-994E-60BC49477091}"
EndProject
Project("{FAE04EC0-301F-11D3-BF4B-00C04F79EFBC}") = "Radical.Windows.Presentation", "src\net45\Radical.Windows.Presentation\Radical.Windows.Presentation.csproj", "{767FAD7D-A6CF-426E-AC34-6EA187C76FF9}"
EndProject
Project("{FAE04EC0-301F-11D3-BF4B-00C04F79EFBC}") = "Radical.Windows.Presentation.CastleWindsor", "src\net45\Radical.Windows.Presentation.CastleWindsor\Radical.Windows.Presentation.CastleWindsor.csproj", "{1B898AE6-9D4A-492C-B9CA-95272A6C6FF1}"
EndProject
Project("{FAE04EC0-301F-11D3-BF4B-00C04F79EFBC}") = "Radical.Extensions.Castle", "src\net45\Radical.Extensions.Castle\Radical.Extensions.Castle.csproj", "{25797064-A7EB-4589-92A5-1BB9BC9F380C}"
EndProject
Project("{FAE04EC0-301F-11D3-BF4B-00C04F79EFBC}") = "Radical.Windows", "src\wp8\Radical.Windows\Radical.Windows.csproj", "{A4A5D575-77FB-4D1E-9B37-DCA8587E33D7}"
EndProject
Project("{FAE04EC0-301F-11D3-BF4B-00C04F79EFBC}") = "Radical.Windows.Presentation.Unity2", "src\net40\Radical.Windows.Presentation.Unity2\Radical.Windows.Presentation.Unity2.csproj", "{8BF0F61D-EA02-4EFE-8D74-A03FE6E23959}"
EndProject
Project("{FAE04EC0-301F-11D3-BF4B-00C04F79EFBC}") = "Radical.Samples.Unity2", "src\net40\Radical.Samples.Unity2\Radical.Samples.Unity2.csproj", "{9922DCDF-57B3-43C9-A8FB-FCAB22A8556F}"
EndProject
Project("{FAE04EC0-301F-11D3-BF4B-00C04F79EFBC}") = "Radical.Windows.Presentation.Unity2", "src\net45\Radical.Windows.Presentation.Unity2\Radical.Windows.Presentation.Unity2.csproj", "{C085C1C6-2EF7-4003-A8FB-F394C64CCDB9}"
EndProject
Project("{FAE04EC0-301F-11D3-BF4B-00C04F79EFBC}") = "Radical.Windows.Presentation.Unity3", "src\net45\Radical.Windows.Presentation.Unity3\Radical.Windows.Presentation.Unity3.csproj", "{6D85CAE5-BE33-4E34-BE88-6B89362C5B53}"
EndProject
Project("{FAE04EC0-301F-11D3-BF4B-00C04F79EFBC}") = "Radical.Windows.Presentation.Autofac", "src\net40\Radical.Windows.Presentation.Autofac\Radical.Windows.Presentation.Autofac.csproj", "{E9A0FBB0-74FC-4601-B26B-4B7720F6A380}"
EndProject
Project("{FAE04EC0-301F-11D3-BF4B-00C04F79EFBC}") = "Radical.Samples.Autofac", "src\net40\Radical.Samples.Autofac\Radical.Samples.Autofac.csproj", "{54549B5A-EFE2-4932-9681-6A135C796973}"
EndProject
Project("{FAE04EC0-301F-11D3-BF4B-00C04F79EFBC}") = "Radical.Windows.Presentation.Autofac", "src\net45\Radical.Windows.Presentation.Autofac\Radical.Windows.Presentation.Autofac.csproj", "{85FB7974-67DA-4A24-A76E-7DFF6F7FAF4C}"
EndProject
Project("{FAE04EC0-301F-11D3-BF4B-00C04F79EFBC}") = "Radical.Windows.Presentation", "src\wp8\Radical.Windows.Presentation\Radical.Windows.Presentation.csproj", "{EC82DFCD-4F2A-4F78-9317-2824DC22CC9C}"
EndProject
Project("{FAE04EC0-301F-11D3-BF4B-00C04F79EFBC}") = "Radical.Samples.Components", "src\net40\Radical.Samples.Components\Radical.Samples.Components.csproj", "{69C801A6-9E90-4A8F-A3F8-DBC21C7F5703}"
EndProject
Project("{FAE04EC0-301F-11D3-BF4B-00C04F79EFBC}") = "Radical.Windows.Presentation.Puzzle", "src\wp8\Radical.Windows.Presentation.Puzzle\Radical.Windows.Presentation.Puzzle.csproj", "{87DC41A3-515B-4811-9D27-CE5B182498B9}"
EndProject
Project("{FAE04EC0-301F-11D3-BF4B-00C04F79EFBC}") = "TestGridView", "src\net40\TestGridView\TestGridView.csproj", "{C59F93DA-49AE-4A8A-A011-2BF7EFEC84C6}"
EndProject
Global
	GlobalSection(SolutionConfigurationPlatforms) = preSolution
		Debug|Any CPU = Debug|Any CPU
		Debug|ARM = Debug|ARM
		Debug|x64 = Debug|x64
		Debug|x86 = Debug|x86
		Release|Any CPU = Release|Any CPU
		Release|ARM = Release|ARM
		Release|x64 = Release|x64
		Release|x86 = Release|x86
	EndGlobalSection
	GlobalSection(ProjectConfigurationPlatforms) = postSolution
		{C669FC1F-2AAF-4F22-B557-9C68F69A0B97}.Debug|Any CPU.ActiveCfg = Debug|Any CPU
		{C669FC1F-2AAF-4F22-B557-9C68F69A0B97}.Debug|Any CPU.Build.0 = Debug|Any CPU
		{C669FC1F-2AAF-4F22-B557-9C68F69A0B97}.Debug|ARM.ActiveCfg = Debug|Any CPU
		{C669FC1F-2AAF-4F22-B557-9C68F69A0B97}.Debug|x64.ActiveCfg = Debug|Any CPU
		{C669FC1F-2AAF-4F22-B557-9C68F69A0B97}.Debug|x86.ActiveCfg = Debug|Any CPU
		{C669FC1F-2AAF-4F22-B557-9C68F69A0B97}.Release|Any CPU.ActiveCfg = Release|Any CPU
		{C669FC1F-2AAF-4F22-B557-9C68F69A0B97}.Release|Any CPU.Build.0 = Release|Any CPU
		{C669FC1F-2AAF-4F22-B557-9C68F69A0B97}.Release|ARM.ActiveCfg = Release|Any CPU
		{C669FC1F-2AAF-4F22-B557-9C68F69A0B97}.Release|x64.ActiveCfg = Release|Any CPU
		{C669FC1F-2AAF-4F22-B557-9C68F69A0B97}.Release|x86.ActiveCfg = Release|Any CPU
		{FCD5EF38-2602-43CE-AB0E-B01068873084}.Debug|Any CPU.ActiveCfg = Debug|Any CPU
		{FCD5EF38-2602-43CE-AB0E-B01068873084}.Debug|Any CPU.Build.0 = Debug|Any CPU
		{FCD5EF38-2602-43CE-AB0E-B01068873084}.Debug|ARM.ActiveCfg = Debug|Any CPU
		{FCD5EF38-2602-43CE-AB0E-B01068873084}.Debug|x64.ActiveCfg = Debug|Any CPU
		{FCD5EF38-2602-43CE-AB0E-B01068873084}.Debug|x86.ActiveCfg = Debug|Any CPU
		{FCD5EF38-2602-43CE-AB0E-B01068873084}.Release|Any CPU.ActiveCfg = Release|Any CPU
		{FCD5EF38-2602-43CE-AB0E-B01068873084}.Release|Any CPU.Build.0 = Release|Any CPU
		{FCD5EF38-2602-43CE-AB0E-B01068873084}.Release|ARM.ActiveCfg = Release|Any CPU
		{FCD5EF38-2602-43CE-AB0E-B01068873084}.Release|x64.ActiveCfg = Release|Any CPU
		{FCD5EF38-2602-43CE-AB0E-B01068873084}.Release|x86.ActiveCfg = Release|Any CPU
		{5C7DD589-456C-4DD7-9A92-99C0F952D08C}.Debug|Any CPU.ActiveCfg = Debug|Any CPU
		{5C7DD589-456C-4DD7-9A92-99C0F952D08C}.Debug|Any CPU.Build.0 = Debug|Any CPU
		{5C7DD589-456C-4DD7-9A92-99C0F952D08C}.Debug|ARM.ActiveCfg = Debug|Any CPU
		{5C7DD589-456C-4DD7-9A92-99C0F952D08C}.Debug|x64.ActiveCfg = Debug|Any CPU
		{5C7DD589-456C-4DD7-9A92-99C0F952D08C}.Debug|x86.ActiveCfg = Debug|Any CPU
		{5C7DD589-456C-4DD7-9A92-99C0F952D08C}.Release|Any CPU.ActiveCfg = Release|Any CPU
		{5C7DD589-456C-4DD7-9A92-99C0F952D08C}.Release|Any CPU.Build.0 = Release|Any CPU
		{5C7DD589-456C-4DD7-9A92-99C0F952D08C}.Release|ARM.ActiveCfg = Release|Any CPU
		{5C7DD589-456C-4DD7-9A92-99C0F952D08C}.Release|x64.ActiveCfg = Release|Any CPU
		{5C7DD589-456C-4DD7-9A92-99C0F952D08C}.Release|x86.ActiveCfg = Release|Any CPU
		{3D854D87-80FA-462A-A212-041A98CC41AB}.Debug|Any CPU.ActiveCfg = Debug|Any CPU
		{3D854D87-80FA-462A-A212-041A98CC41AB}.Debug|Any CPU.Build.0 = Debug|Any CPU
		{3D854D87-80FA-462A-A212-041A98CC41AB}.Debug|ARM.ActiveCfg = Debug|Any CPU
		{3D854D87-80FA-462A-A212-041A98CC41AB}.Debug|x64.ActiveCfg = Debug|Any CPU
		{3D854D87-80FA-462A-A212-041A98CC41AB}.Debug|x86.ActiveCfg = Debug|Any CPU
		{3D854D87-80FA-462A-A212-041A98CC41AB}.Release|Any CPU.ActiveCfg = Release|Any CPU
		{3D854D87-80FA-462A-A212-041A98CC41AB}.Release|Any CPU.Build.0 = Release|Any CPU
		{3D854D87-80FA-462A-A212-041A98CC41AB}.Release|ARM.ActiveCfg = Release|Any CPU
		{3D854D87-80FA-462A-A212-041A98CC41AB}.Release|x64.ActiveCfg = Release|Any CPU
		{3D854D87-80FA-462A-A212-041A98CC41AB}.Release|x86.ActiveCfg = Release|Any CPU
		{795B00CF-12B0-4B45-B686-309D831979A4}.Debug|Any CPU.ActiveCfg = Debug|Any CPU
		{795B00CF-12B0-4B45-B686-309D831979A4}.Debug|Any CPU.Build.0 = Debug|Any CPU
		{795B00CF-12B0-4B45-B686-309D831979A4}.Debug|ARM.ActiveCfg = Debug|Any CPU
		{795B00CF-12B0-4B45-B686-309D831979A4}.Debug|x64.ActiveCfg = Debug|Any CPU
		{795B00CF-12B0-4B45-B686-309D831979A4}.Debug|x86.ActiveCfg = Debug|Any CPU
		{795B00CF-12B0-4B45-B686-309D831979A4}.Release|Any CPU.ActiveCfg = Release|Any CPU
		{795B00CF-12B0-4B45-B686-309D831979A4}.Release|Any CPU.Build.0 = Release|Any CPU
		{795B00CF-12B0-4B45-B686-309D831979A4}.Release|ARM.ActiveCfg = Release|Any CPU
		{795B00CF-12B0-4B45-B686-309D831979A4}.Release|x64.ActiveCfg = Release|Any CPU
		{795B00CF-12B0-4B45-B686-309D831979A4}.Release|x86.ActiveCfg = Release|Any CPU
		{49AE62F7-E68D-4D15-82C9-AEFAD0769FFF}.Debug|Any CPU.ActiveCfg = Debug|Any CPU
		{49AE62F7-E68D-4D15-82C9-AEFAD0769FFF}.Debug|Any CPU.Build.0 = Debug|Any CPU
		{49AE62F7-E68D-4D15-82C9-AEFAD0769FFF}.Debug|ARM.ActiveCfg = Debug|Any CPU
		{49AE62F7-E68D-4D15-82C9-AEFAD0769FFF}.Debug|x64.ActiveCfg = Debug|Any CPU
		{49AE62F7-E68D-4D15-82C9-AEFAD0769FFF}.Debug|x86.ActiveCfg = Debug|Any CPU
		{49AE62F7-E68D-4D15-82C9-AEFAD0769FFF}.Release|Any CPU.ActiveCfg = Release|Any CPU
		{49AE62F7-E68D-4D15-82C9-AEFAD0769FFF}.Release|Any CPU.Build.0 = Release|Any CPU
		{49AE62F7-E68D-4D15-82C9-AEFAD0769FFF}.Release|ARM.ActiveCfg = Release|Any CPU
		{49AE62F7-E68D-4D15-82C9-AEFAD0769FFF}.Release|x64.ActiveCfg = Release|Any CPU
		{49AE62F7-E68D-4D15-82C9-AEFAD0769FFF}.Release|x86.ActiveCfg = Release|Any CPU
		{53515226-FBB6-477E-9C5F-4C5C592D6EC7}.Debug|Any CPU.ActiveCfg = Debug|Any CPU
		{53515226-FBB6-477E-9C5F-4C5C592D6EC7}.Debug|Any CPU.Build.0 = Debug|Any CPU
		{53515226-FBB6-477E-9C5F-4C5C592D6EC7}.Debug|ARM.ActiveCfg = Debug|Any CPU
		{53515226-FBB6-477E-9C5F-4C5C592D6EC7}.Debug|x64.ActiveCfg = Debug|Any CPU
		{53515226-FBB6-477E-9C5F-4C5C592D6EC7}.Debug|x86.ActiveCfg = Debug|Any CPU
		{53515226-FBB6-477E-9C5F-4C5C592D6EC7}.Release|Any CPU.ActiveCfg = Release|Any CPU
		{53515226-FBB6-477E-9C5F-4C5C592D6EC7}.Release|Any CPU.Build.0 = Release|Any CPU
		{53515226-FBB6-477E-9C5F-4C5C592D6EC7}.Release|ARM.ActiveCfg = Release|Any CPU
		{53515226-FBB6-477E-9C5F-4C5C592D6EC7}.Release|x64.ActiveCfg = Release|Any CPU
		{53515226-FBB6-477E-9C5F-4C5C592D6EC7}.Release|x86.ActiveCfg = Release|Any CPU
		{591AD4DF-2FAD-4451-8A8A-5EF36ED2A2AC}.Debug|Any CPU.ActiveCfg = Debug|Any CPU
		{591AD4DF-2FAD-4451-8A8A-5EF36ED2A2AC}.Debug|Any CPU.Build.0 = Debug|Any CPU
		{591AD4DF-2FAD-4451-8A8A-5EF36ED2A2AC}.Debug|ARM.ActiveCfg = Debug|Any CPU
		{591AD4DF-2FAD-4451-8A8A-5EF36ED2A2AC}.Debug|x64.ActiveCfg = Debug|Any CPU
		{591AD4DF-2FAD-4451-8A8A-5EF36ED2A2AC}.Debug|x86.ActiveCfg = Debug|Any CPU
		{591AD4DF-2FAD-4451-8A8A-5EF36ED2A2AC}.Release|Any CPU.ActiveCfg = Release|Any CPU
		{591AD4DF-2FAD-4451-8A8A-5EF36ED2A2AC}.Release|Any CPU.Build.0 = Release|Any CPU
		{591AD4DF-2FAD-4451-8A8A-5EF36ED2A2AC}.Release|ARM.ActiveCfg = Release|Any CPU
		{591AD4DF-2FAD-4451-8A8A-5EF36ED2A2AC}.Release|x64.ActiveCfg = Release|Any CPU
		{591AD4DF-2FAD-4451-8A8A-5EF36ED2A2AC}.Release|x86.ActiveCfg = Release|Any CPU
		{B48B5BEC-DE0F-4310-9A36-FF9C07D77ACF}.Debug|Any CPU.ActiveCfg = Debug|Any CPU
		{B48B5BEC-DE0F-4310-9A36-FF9C07D77ACF}.Debug|Any CPU.Build.0 = Debug|Any CPU
		{B48B5BEC-DE0F-4310-9A36-FF9C07D77ACF}.Debug|ARM.ActiveCfg = Debug|Any CPU
		{B48B5BEC-DE0F-4310-9A36-FF9C07D77ACF}.Debug|x64.ActiveCfg = Debug|Any CPU
		{B48B5BEC-DE0F-4310-9A36-FF9C07D77ACF}.Debug|x86.ActiveCfg = Debug|Any CPU
		{B48B5BEC-DE0F-4310-9A36-FF9C07D77ACF}.Release|Any CPU.ActiveCfg = Release|Any CPU
		{B48B5BEC-DE0F-4310-9A36-FF9C07D77ACF}.Release|Any CPU.Build.0 = Release|Any CPU
		{B48B5BEC-DE0F-4310-9A36-FF9C07D77ACF}.Release|ARM.ActiveCfg = Release|Any CPU
		{B48B5BEC-DE0F-4310-9A36-FF9C07D77ACF}.Release|x64.ActiveCfg = Release|Any CPU
		{B48B5BEC-DE0F-4310-9A36-FF9C07D77ACF}.Release|x86.ActiveCfg = Release|Any CPU
		{253F225A-8A50-4D1B-825B-E8C45370E7A9}.Debug|Any CPU.ActiveCfg = Debug|Any CPU
		{253F225A-8A50-4D1B-825B-E8C45370E7A9}.Debug|Any CPU.Build.0 = Debug|Any CPU
		{253F225A-8A50-4D1B-825B-E8C45370E7A9}.Debug|ARM.ActiveCfg = Debug|Any CPU
		{253F225A-8A50-4D1B-825B-E8C45370E7A9}.Debug|x64.ActiveCfg = Debug|Any CPU
		{253F225A-8A50-4D1B-825B-E8C45370E7A9}.Debug|x86.ActiveCfg = Debug|Any CPU
		{253F225A-8A50-4D1B-825B-E8C45370E7A9}.Release|Any CPU.ActiveCfg = Release|Any CPU
		{253F225A-8A50-4D1B-825B-E8C45370E7A9}.Release|Any CPU.Build.0 = Release|Any CPU
		{253F225A-8A50-4D1B-825B-E8C45370E7A9}.Release|ARM.ActiveCfg = Release|Any CPU
		{253F225A-8A50-4D1B-825B-E8C45370E7A9}.Release|x64.ActiveCfg = Release|Any CPU
		{253F225A-8A50-4D1B-825B-E8C45370E7A9}.Release|x86.ActiveCfg = Release|Any CPU
		{8AD2DC17-392C-4BBE-B34B-11A3ACB9DC86}.Debug|Any CPU.ActiveCfg = Debug|Any CPU
		{8AD2DC17-392C-4BBE-B34B-11A3ACB9DC86}.Debug|Any CPU.Build.0 = Debug|Any CPU
		{8AD2DC17-392C-4BBE-B34B-11A3ACB9DC86}.Debug|ARM.ActiveCfg = Debug|Any CPU
		{8AD2DC17-392C-4BBE-B34B-11A3ACB9DC86}.Debug|x64.ActiveCfg = Debug|Any CPU
		{8AD2DC17-392C-4BBE-B34B-11A3ACB9DC86}.Debug|x86.ActiveCfg = Debug|Any CPU
		{8AD2DC17-392C-4BBE-B34B-11A3ACB9DC86}.Release|Any CPU.ActiveCfg = Release|Any CPU
		{8AD2DC17-392C-4BBE-B34B-11A3ACB9DC86}.Release|Any CPU.Build.0 = Release|Any CPU
		{8AD2DC17-392C-4BBE-B34B-11A3ACB9DC86}.Release|ARM.ActiveCfg = Release|Any CPU
		{8AD2DC17-392C-4BBE-B34B-11A3ACB9DC86}.Release|x64.ActiveCfg = Release|Any CPU
		{8AD2DC17-392C-4BBE-B34B-11A3ACB9DC86}.Release|x86.ActiveCfg = Release|Any CPU
		{E72F0DF7-1725-4F64-AAFF-00208CD7553E}.Debug|Any CPU.ActiveCfg = Debug|Any CPU
		{E72F0DF7-1725-4F64-AAFF-00208CD7553E}.Debug|Any CPU.Build.0 = Debug|Any CPU
		{E72F0DF7-1725-4F64-AAFF-00208CD7553E}.Debug|ARM.ActiveCfg = Debug|Any CPU
		{E72F0DF7-1725-4F64-AAFF-00208CD7553E}.Debug|x64.ActiveCfg = Debug|Any CPU
		{E72F0DF7-1725-4F64-AAFF-00208CD7553E}.Debug|x86.ActiveCfg = Debug|Any CPU
		{E72F0DF7-1725-4F64-AAFF-00208CD7553E}.Release|Any CPU.ActiveCfg = Release|Any CPU
		{E72F0DF7-1725-4F64-AAFF-00208CD7553E}.Release|Any CPU.Build.0 = Release|Any CPU
		{E72F0DF7-1725-4F64-AAFF-00208CD7553E}.Release|ARM.ActiveCfg = Release|Any CPU
		{E72F0DF7-1725-4F64-AAFF-00208CD7553E}.Release|x64.ActiveCfg = Release|Any CPU
		{E72F0DF7-1725-4F64-AAFF-00208CD7553E}.Release|x86.ActiveCfg = Release|Any CPU
		{D0351D5D-7786-4E73-AD89-95D8F01262B5}.Debug|Any CPU.ActiveCfg = Debug|Any CPU
		{D0351D5D-7786-4E73-AD89-95D8F01262B5}.Debug|Any CPU.Build.0 = Debug|Any CPU
		{D0351D5D-7786-4E73-AD89-95D8F01262B5}.Debug|ARM.ActiveCfg = Debug|Any CPU
		{D0351D5D-7786-4E73-AD89-95D8F01262B5}.Debug|x64.ActiveCfg = Debug|Any CPU
		{D0351D5D-7786-4E73-AD89-95D8F01262B5}.Debug|x86.ActiveCfg = Debug|Any CPU
		{D0351D5D-7786-4E73-AD89-95D8F01262B5}.Release|Any CPU.ActiveCfg = Release|Any CPU
		{D0351D5D-7786-4E73-AD89-95D8F01262B5}.Release|Any CPU.Build.0 = Release|Any CPU
		{D0351D5D-7786-4E73-AD89-95D8F01262B5}.Release|ARM.ActiveCfg = Release|Any CPU
		{D0351D5D-7786-4E73-AD89-95D8F01262B5}.Release|x64.ActiveCfg = Release|Any CPU
		{D0351D5D-7786-4E73-AD89-95D8F01262B5}.Release|x86.ActiveCfg = Release|Any CPU
		{12369004-8AB7-45B0-82AD-0A5C47AE897B}.Debug|Any CPU.ActiveCfg = Debug|Any CPU
		{12369004-8AB7-45B0-82AD-0A5C47AE897B}.Debug|Any CPU.Build.0 = Debug|Any CPU
		{12369004-8AB7-45B0-82AD-0A5C47AE897B}.Debug|ARM.ActiveCfg = Debug|Any CPU
		{12369004-8AB7-45B0-82AD-0A5C47AE897B}.Debug|x64.ActiveCfg = Debug|Any CPU
		{12369004-8AB7-45B0-82AD-0A5C47AE897B}.Debug|x86.ActiveCfg = Debug|Any CPU
		{12369004-8AB7-45B0-82AD-0A5C47AE897B}.Release|Any CPU.ActiveCfg = Release|Any CPU
		{12369004-8AB7-45B0-82AD-0A5C47AE897B}.Release|Any CPU.Build.0 = Release|Any CPU
		{12369004-8AB7-45B0-82AD-0A5C47AE897B}.Release|ARM.ActiveCfg = Release|Any CPU
		{12369004-8AB7-45B0-82AD-0A5C47AE897B}.Release|x64.ActiveCfg = Release|Any CPU
		{12369004-8AB7-45B0-82AD-0A5C47AE897B}.Release|x86.ActiveCfg = Release|Any CPU
		{2FC39244-FCF8-4DB8-995E-1DC1AF72BD71}.Debug|Any CPU.ActiveCfg = Debug|Any CPU
		{2FC39244-FCF8-4DB8-995E-1DC1AF72BD71}.Debug|Any CPU.Build.0 = Debug|Any CPU
		{2FC39244-FCF8-4DB8-995E-1DC1AF72BD71}.Debug|ARM.ActiveCfg = Debug|Any CPU
		{2FC39244-FCF8-4DB8-995E-1DC1AF72BD71}.Debug|x64.ActiveCfg = Debug|Any CPU
		{2FC39244-FCF8-4DB8-995E-1DC1AF72BD71}.Debug|x86.ActiveCfg = Debug|Any CPU
		{2FC39244-FCF8-4DB8-995E-1DC1AF72BD71}.Release|Any CPU.ActiveCfg = Release|Any CPU
		{2FC39244-FCF8-4DB8-995E-1DC1AF72BD71}.Release|Any CPU.Build.0 = Release|Any CPU
		{2FC39244-FCF8-4DB8-995E-1DC1AF72BD71}.Release|ARM.ActiveCfg = Release|Any CPU
		{2FC39244-FCF8-4DB8-995E-1DC1AF72BD71}.Release|x64.ActiveCfg = Release|Any CPU
		{2FC39244-FCF8-4DB8-995E-1DC1AF72BD71}.Release|x86.ActiveCfg = Release|Any CPU
		{E7F67B82-F777-4BE7-B774-57BB44DB3EB8}.Debug|Any CPU.ActiveCfg = Debug|Any CPU
		{E7F67B82-F777-4BE7-B774-57BB44DB3EB8}.Debug|Any CPU.Build.0 = Debug|Any CPU
		{E7F67B82-F777-4BE7-B774-57BB44DB3EB8}.Debug|ARM.ActiveCfg = Debug|Any CPU
		{E7F67B82-F777-4BE7-B774-57BB44DB3EB8}.Debug|x64.ActiveCfg = Debug|Any CPU
		{E7F67B82-F777-4BE7-B774-57BB44DB3EB8}.Debug|x86.ActiveCfg = Debug|Any CPU
		{E7F67B82-F777-4BE7-B774-57BB44DB3EB8}.Release|Any CPU.ActiveCfg = Release|Any CPU
		{E7F67B82-F777-4BE7-B774-57BB44DB3EB8}.Release|Any CPU.Build.0 = Release|Any CPU
		{E7F67B82-F777-4BE7-B774-57BB44DB3EB8}.Release|ARM.ActiveCfg = Release|Any CPU
		{E7F67B82-F777-4BE7-B774-57BB44DB3EB8}.Release|x64.ActiveCfg = Release|Any CPU
		{E7F67B82-F777-4BE7-B774-57BB44DB3EB8}.Release|x86.ActiveCfg = Release|Any CPU
		{6313E8C2-5D7D-4EB1-954D-24A7F1D2A4E7}.Debug|Any CPU.ActiveCfg = Debug|Any CPU
		{6313E8C2-5D7D-4EB1-954D-24A7F1D2A4E7}.Debug|Any CPU.Build.0 = Debug|Any CPU
		{6313E8C2-5D7D-4EB1-954D-24A7F1D2A4E7}.Debug|ARM.ActiveCfg = Debug|Any CPU
		{6313E8C2-5D7D-4EB1-954D-24A7F1D2A4E7}.Debug|x64.ActiveCfg = Debug|Any CPU
		{6313E8C2-5D7D-4EB1-954D-24A7F1D2A4E7}.Debug|x86.ActiveCfg = Debug|Any CPU
		{6313E8C2-5D7D-4EB1-954D-24A7F1D2A4E7}.Release|Any CPU.ActiveCfg = Release|Any CPU
		{6313E8C2-5D7D-4EB1-954D-24A7F1D2A4E7}.Release|Any CPU.Build.0 = Release|Any CPU
		{6313E8C2-5D7D-4EB1-954D-24A7F1D2A4E7}.Release|ARM.ActiveCfg = Release|Any CPU
		{6313E8C2-5D7D-4EB1-954D-24A7F1D2A4E7}.Release|x64.ActiveCfg = Release|Any CPU
		{6313E8C2-5D7D-4EB1-954D-24A7F1D2A4E7}.Release|x86.ActiveCfg = Release|Any CPU
		{5213A9D0-EBC6-4B79-88C5-F9618B22E566}.Debug|Any CPU.ActiveCfg = Debug|Any CPU
		{5213A9D0-EBC6-4B79-88C5-F9618B22E566}.Debug|Any CPU.Build.0 = Debug|Any CPU
		{5213A9D0-EBC6-4B79-88C5-F9618B22E566}.Debug|ARM.ActiveCfg = Debug|Any CPU
		{5213A9D0-EBC6-4B79-88C5-F9618B22E566}.Debug|x64.ActiveCfg = Debug|Any CPU
		{5213A9D0-EBC6-4B79-88C5-F9618B22E566}.Debug|x86.ActiveCfg = Debug|Any CPU
		{5213A9D0-EBC6-4B79-88C5-F9618B22E566}.Release|Any CPU.ActiveCfg = Release|Any CPU
		{5213A9D0-EBC6-4B79-88C5-F9618B22E566}.Release|Any CPU.Build.0 = Release|Any CPU
		{5213A9D0-EBC6-4B79-88C5-F9618B22E566}.Release|ARM.ActiveCfg = Release|Any CPU
		{5213A9D0-EBC6-4B79-88C5-F9618B22E566}.Release|x64.ActiveCfg = Release|Any CPU
		{5213A9D0-EBC6-4B79-88C5-F9618B22E566}.Release|x86.ActiveCfg = Release|Any CPU
		{BB03BD0F-E707-45B9-AAEE-2A8DEB9120D3}.Debug|Any CPU.ActiveCfg = Debug|Any CPU
		{BB03BD0F-E707-45B9-AAEE-2A8DEB9120D3}.Debug|Any CPU.Build.0 = Debug|Any CPU
		{BB03BD0F-E707-45B9-AAEE-2A8DEB9120D3}.Debug|ARM.ActiveCfg = Debug|Any CPU
		{BB03BD0F-E707-45B9-AAEE-2A8DEB9120D3}.Debug|x64.ActiveCfg = Debug|Any CPU
		{BB03BD0F-E707-45B9-AAEE-2A8DEB9120D3}.Debug|x86.ActiveCfg = Debug|Any CPU
		{BB03BD0F-E707-45B9-AAEE-2A8DEB9120D3}.Release|Any CPU.ActiveCfg = Release|Any CPU
		{BB03BD0F-E707-45B9-AAEE-2A8DEB9120D3}.Release|Any CPU.Build.0 = Release|Any CPU
		{BB03BD0F-E707-45B9-AAEE-2A8DEB9120D3}.Release|ARM.ActiveCfg = Release|Any CPU
		{BB03BD0F-E707-45B9-AAEE-2A8DEB9120D3}.Release|x64.ActiveCfg = Release|Any CPU
		{BB03BD0F-E707-45B9-AAEE-2A8DEB9120D3}.Release|x86.ActiveCfg = Release|Any CPU
		{240098B2-2092-4EB7-955C-15154052F6E7}.Debug|Any CPU.ActiveCfg = Debug|Any CPU
		{240098B2-2092-4EB7-955C-15154052F6E7}.Debug|Any CPU.Build.0 = Debug|Any CPU
		{240098B2-2092-4EB7-955C-15154052F6E7}.Debug|ARM.ActiveCfg = Debug|Any CPU
		{240098B2-2092-4EB7-955C-15154052F6E7}.Debug|x64.ActiveCfg = Debug|Any CPU
		{240098B2-2092-4EB7-955C-15154052F6E7}.Debug|x86.ActiveCfg = Debug|Any CPU
		{240098B2-2092-4EB7-955C-15154052F6E7}.Release|Any CPU.ActiveCfg = Release|Any CPU
		{240098B2-2092-4EB7-955C-15154052F6E7}.Release|Any CPU.Build.0 = Release|Any CPU
		{240098B2-2092-4EB7-955C-15154052F6E7}.Release|ARM.ActiveCfg = Release|Any CPU
		{240098B2-2092-4EB7-955C-15154052F6E7}.Release|x64.ActiveCfg = Release|Any CPU
		{240098B2-2092-4EB7-955C-15154052F6E7}.Release|x86.ActiveCfg = Release|Any CPU
		{20FC6C18-4C37-4BAE-9482-B77B4664D058}.Debug|Any CPU.ActiveCfg = Debug|Any CPU
		{20FC6C18-4C37-4BAE-9482-B77B4664D058}.Debug|Any CPU.Build.0 = Debug|Any CPU
		{20FC6C18-4C37-4BAE-9482-B77B4664D058}.Debug|ARM.ActiveCfg = Debug|Any CPU
		{20FC6C18-4C37-4BAE-9482-B77B4664D058}.Debug|x64.ActiveCfg = Debug|Any CPU
		{20FC6C18-4C37-4BAE-9482-B77B4664D058}.Debug|x86.ActiveCfg = Debug|Any CPU
		{20FC6C18-4C37-4BAE-9482-B77B4664D058}.Release|Any CPU.ActiveCfg = Release|Any CPU
		{20FC6C18-4C37-4BAE-9482-B77B4664D058}.Release|Any CPU.Build.0 = Release|Any CPU
		{20FC6C18-4C37-4BAE-9482-B77B4664D058}.Release|ARM.ActiveCfg = Release|Any CPU
		{20FC6C18-4C37-4BAE-9482-B77B4664D058}.Release|x64.ActiveCfg = Release|Any CPU
		{20FC6C18-4C37-4BAE-9482-B77B4664D058}.Release|x86.ActiveCfg = Release|Any CPU
		{E30E5700-3630-43B0-9E7C-BD6ACD62BDC2}.Debug|Any CPU.ActiveCfg = Debug|Any CPU
		{E30E5700-3630-43B0-9E7C-BD6ACD62BDC2}.Debug|Any CPU.Build.0 = Debug|Any CPU
		{E30E5700-3630-43B0-9E7C-BD6ACD62BDC2}.Debug|ARM.ActiveCfg = Debug|Any CPU
		{E30E5700-3630-43B0-9E7C-BD6ACD62BDC2}.Debug|x64.ActiveCfg = Debug|Any CPU
		{E30E5700-3630-43B0-9E7C-BD6ACD62BDC2}.Debug|x86.ActiveCfg = Debug|Any CPU
		{E30E5700-3630-43B0-9E7C-BD6ACD62BDC2}.Release|Any CPU.ActiveCfg = Release|Any CPU
		{E30E5700-3630-43B0-9E7C-BD6ACD62BDC2}.Release|Any CPU.Build.0 = Release|Any CPU
		{E30E5700-3630-43B0-9E7C-BD6ACD62BDC2}.Release|ARM.ActiveCfg = Release|Any CPU
		{E30E5700-3630-43B0-9E7C-BD6ACD62BDC2}.Release|x64.ActiveCfg = Release|Any CPU
		{E30E5700-3630-43B0-9E7C-BD6ACD62BDC2}.Release|x86.ActiveCfg = Release|Any CPU
		{53002372-02B3-4CEA-BE25-350FD8FFCD50}.Debug|Any CPU.ActiveCfg = Debug|Any CPU
		{53002372-02B3-4CEA-BE25-350FD8FFCD50}.Debug|Any CPU.Build.0 = Debug|Any CPU
		{53002372-02B3-4CEA-BE25-350FD8FFCD50}.Debug|ARM.ActiveCfg = Debug|ARM
		{53002372-02B3-4CEA-BE25-350FD8FFCD50}.Debug|ARM.Build.0 = Debug|ARM
		{53002372-02B3-4CEA-BE25-350FD8FFCD50}.Debug|x64.ActiveCfg = Debug|x64
		{53002372-02B3-4CEA-BE25-350FD8FFCD50}.Debug|x64.Build.0 = Debug|x64
		{53002372-02B3-4CEA-BE25-350FD8FFCD50}.Debug|x86.ActiveCfg = Debug|x86
		{53002372-02B3-4CEA-BE25-350FD8FFCD50}.Debug|x86.Build.0 = Debug|x86
		{53002372-02B3-4CEA-BE25-350FD8FFCD50}.Release|Any CPU.ActiveCfg = Release|Any CPU
		{53002372-02B3-4CEA-BE25-350FD8FFCD50}.Release|Any CPU.Build.0 = Release|Any CPU
		{53002372-02B3-4CEA-BE25-350FD8FFCD50}.Release|ARM.ActiveCfg = Release|ARM
		{53002372-02B3-4CEA-BE25-350FD8FFCD50}.Release|ARM.Build.0 = Release|ARM
		{53002372-02B3-4CEA-BE25-350FD8FFCD50}.Release|x64.ActiveCfg = Release|x64
		{53002372-02B3-4CEA-BE25-350FD8FFCD50}.Release|x64.Build.0 = Release|x64
		{53002372-02B3-4CEA-BE25-350FD8FFCD50}.Release|x86.ActiveCfg = Release|x86
		{53002372-02B3-4CEA-BE25-350FD8FFCD50}.Release|x86.Build.0 = Release|x86
		{471563FD-8737-458D-9A9B-31CECF479808}.Debug|Any CPU.ActiveCfg = Debug|Any CPU
		{471563FD-8737-458D-9A9B-31CECF479808}.Debug|Any CPU.Build.0 = Debug|Any CPU
		{471563FD-8737-458D-9A9B-31CECF479808}.Debug|ARM.ActiveCfg = Debug|ARM
		{471563FD-8737-458D-9A9B-31CECF479808}.Debug|ARM.Build.0 = Debug|ARM
		{471563FD-8737-458D-9A9B-31CECF479808}.Debug|x64.ActiveCfg = Debug|x64
		{471563FD-8737-458D-9A9B-31CECF479808}.Debug|x64.Build.0 = Debug|x64
		{471563FD-8737-458D-9A9B-31CECF479808}.Debug|x86.ActiveCfg = Debug|x86
		{471563FD-8737-458D-9A9B-31CECF479808}.Debug|x86.Build.0 = Debug|x86
		{471563FD-8737-458D-9A9B-31CECF479808}.Release|Any CPU.ActiveCfg = Release|Any CPU
		{471563FD-8737-458D-9A9B-31CECF479808}.Release|Any CPU.Build.0 = Release|Any CPU
		{471563FD-8737-458D-9A9B-31CECF479808}.Release|ARM.ActiveCfg = Release|ARM
		{471563FD-8737-458D-9A9B-31CECF479808}.Release|ARM.Build.0 = Release|ARM
		{471563FD-8737-458D-9A9B-31CECF479808}.Release|x64.ActiveCfg = Release|x64
		{471563FD-8737-458D-9A9B-31CECF479808}.Release|x64.Build.0 = Release|x64
		{471563FD-8737-458D-9A9B-31CECF479808}.Release|x86.ActiveCfg = Release|x86
		{471563FD-8737-458D-9A9B-31CECF479808}.Release|x86.Build.0 = Release|x86
		{00975B57-4823-4F0D-8E21-8C2E5270FD73}.Debug|Any CPU.ActiveCfg = Debug|Any CPU
		{00975B57-4823-4F0D-8E21-8C2E5270FD73}.Debug|Any CPU.Build.0 = Debug|Any CPU
		{00975B57-4823-4F0D-8E21-8C2E5270FD73}.Debug|ARM.ActiveCfg = Debug|ARM
		{00975B57-4823-4F0D-8E21-8C2E5270FD73}.Debug|ARM.Build.0 = Debug|ARM
		{00975B57-4823-4F0D-8E21-8C2E5270FD73}.Debug|x64.ActiveCfg = Debug|x64
		{00975B57-4823-4F0D-8E21-8C2E5270FD73}.Debug|x64.Build.0 = Debug|x64
		{00975B57-4823-4F0D-8E21-8C2E5270FD73}.Debug|x86.ActiveCfg = Debug|x86
		{00975B57-4823-4F0D-8E21-8C2E5270FD73}.Debug|x86.Build.0 = Debug|x86
		{00975B57-4823-4F0D-8E21-8C2E5270FD73}.Release|Any CPU.ActiveCfg = Release|Any CPU
		{00975B57-4823-4F0D-8E21-8C2E5270FD73}.Release|Any CPU.Build.0 = Release|Any CPU
		{00975B57-4823-4F0D-8E21-8C2E5270FD73}.Release|ARM.ActiveCfg = Release|ARM
		{00975B57-4823-4F0D-8E21-8C2E5270FD73}.Release|ARM.Build.0 = Release|ARM
		{00975B57-4823-4F0D-8E21-8C2E5270FD73}.Release|x64.ActiveCfg = Release|x64
		{00975B57-4823-4F0D-8E21-8C2E5270FD73}.Release|x64.Build.0 = Release|x64
		{00975B57-4823-4F0D-8E21-8C2E5270FD73}.Release|x86.ActiveCfg = Release|x86
		{00975B57-4823-4F0D-8E21-8C2E5270FD73}.Release|x86.Build.0 = Release|x86
		{516800DE-361F-40CD-949B-EDB990E500A9}.Debug|Any CPU.ActiveCfg = Debug|Any CPU
		{516800DE-361F-40CD-949B-EDB990E500A9}.Debug|Any CPU.Build.0 = Debug|Any CPU
		{516800DE-361F-40CD-949B-EDB990E500A9}.Debug|ARM.ActiveCfg = Debug|ARM
		{516800DE-361F-40CD-949B-EDB990E500A9}.Debug|ARM.Build.0 = Debug|ARM
		{516800DE-361F-40CD-949B-EDB990E500A9}.Debug|x64.ActiveCfg = Debug|x64
		{516800DE-361F-40CD-949B-EDB990E500A9}.Debug|x64.Build.0 = Debug|x64
		{516800DE-361F-40CD-949B-EDB990E500A9}.Debug|x86.ActiveCfg = Debug|x86
		{516800DE-361F-40CD-949B-EDB990E500A9}.Debug|x86.Build.0 = Debug|x86
		{516800DE-361F-40CD-949B-EDB990E500A9}.Release|Any CPU.ActiveCfg = Release|Any CPU
		{516800DE-361F-40CD-949B-EDB990E500A9}.Release|Any CPU.Build.0 = Release|Any CPU
		{516800DE-361F-40CD-949B-EDB990E500A9}.Release|ARM.ActiveCfg = Release|ARM
		{516800DE-361F-40CD-949B-EDB990E500A9}.Release|ARM.Build.0 = Release|ARM
		{516800DE-361F-40CD-949B-EDB990E500A9}.Release|x64.ActiveCfg = Release|x64
		{516800DE-361F-40CD-949B-EDB990E500A9}.Release|x64.Build.0 = Release|x64
		{516800DE-361F-40CD-949B-EDB990E500A9}.Release|x86.ActiveCfg = Release|x86
		{516800DE-361F-40CD-949B-EDB990E500A9}.Release|x86.Build.0 = Release|x86
		{1CA96C88-E2C3-438C-81A7-E7D9AFA657C4}.Debug|Any CPU.ActiveCfg = Debug|Any CPU
		{1CA96C88-E2C3-438C-81A7-E7D9AFA657C4}.Debug|Any CPU.Build.0 = Debug|Any CPU
		{1CA96C88-E2C3-438C-81A7-E7D9AFA657C4}.Debug|ARM.ActiveCfg = Debug|ARM
		{1CA96C88-E2C3-438C-81A7-E7D9AFA657C4}.Debug|ARM.Build.0 = Debug|ARM
		{1CA96C88-E2C3-438C-81A7-E7D9AFA657C4}.Debug|ARM.Deploy.0 = Debug|ARM
		{1CA96C88-E2C3-438C-81A7-E7D9AFA657C4}.Debug|x64.ActiveCfg = Debug|x64
		{1CA96C88-E2C3-438C-81A7-E7D9AFA657C4}.Debug|x64.Build.0 = Debug|x64
		{1CA96C88-E2C3-438C-81A7-E7D9AFA657C4}.Debug|x64.Deploy.0 = Debug|x64
		{1CA96C88-E2C3-438C-81A7-E7D9AFA657C4}.Debug|x86.ActiveCfg = Debug|x86
		{1CA96C88-E2C3-438C-81A7-E7D9AFA657C4}.Debug|x86.Build.0 = Debug|x86
		{1CA96C88-E2C3-438C-81A7-E7D9AFA657C4}.Debug|x86.Deploy.0 = Debug|x86
		{1CA96C88-E2C3-438C-81A7-E7D9AFA657C4}.Release|Any CPU.ActiveCfg = Release|Any CPU
		{1CA96C88-E2C3-438C-81A7-E7D9AFA657C4}.Release|Any CPU.Build.0 = Release|Any CPU
		{1CA96C88-E2C3-438C-81A7-E7D9AFA657C4}.Release|ARM.ActiveCfg = Release|ARM
		{1CA96C88-E2C3-438C-81A7-E7D9AFA657C4}.Release|ARM.Build.0 = Release|ARM
		{1CA96C88-E2C3-438C-81A7-E7D9AFA657C4}.Release|ARM.Deploy.0 = Release|ARM
		{1CA96C88-E2C3-438C-81A7-E7D9AFA657C4}.Release|x64.ActiveCfg = Release|x64
		{1CA96C88-E2C3-438C-81A7-E7D9AFA657C4}.Release|x64.Build.0 = Release|x64
		{1CA96C88-E2C3-438C-81A7-E7D9AFA657C4}.Release|x64.Deploy.0 = Release|x64
		{1CA96C88-E2C3-438C-81A7-E7D9AFA657C4}.Release|x86.ActiveCfg = Release|x86
		{1CA96C88-E2C3-438C-81A7-E7D9AFA657C4}.Release|x86.Build.0 = Release|x86
		{1CA96C88-E2C3-438C-81A7-E7D9AFA657C4}.Release|x86.Deploy.0 = Release|x86
		{B4B63892-FC31-4FD1-B1D8-1C1762AB58BA}.Debug|Any CPU.ActiveCfg = Debug|Any CPU
		{B4B63892-FC31-4FD1-B1D8-1C1762AB58BA}.Debug|Any CPU.Build.0 = Debug|Any CPU
		{B4B63892-FC31-4FD1-B1D8-1C1762AB58BA}.Debug|ARM.ActiveCfg = Debug|ARM
		{B4B63892-FC31-4FD1-B1D8-1C1762AB58BA}.Debug|ARM.Build.0 = Debug|ARM
		{B4B63892-FC31-4FD1-B1D8-1C1762AB58BA}.Debug|x64.ActiveCfg = Debug|x64
		{B4B63892-FC31-4FD1-B1D8-1C1762AB58BA}.Debug|x64.Build.0 = Debug|x64
		{B4B63892-FC31-4FD1-B1D8-1C1762AB58BA}.Debug|x86.ActiveCfg = Debug|x86
		{B4B63892-FC31-4FD1-B1D8-1C1762AB58BA}.Debug|x86.Build.0 = Debug|x86
		{B4B63892-FC31-4FD1-B1D8-1C1762AB58BA}.Release|Any CPU.ActiveCfg = Release|Any CPU
		{B4B63892-FC31-4FD1-B1D8-1C1762AB58BA}.Release|Any CPU.Build.0 = Release|Any CPU
		{B4B63892-FC31-4FD1-B1D8-1C1762AB58BA}.Release|ARM.ActiveCfg = Release|ARM
		{B4B63892-FC31-4FD1-B1D8-1C1762AB58BA}.Release|ARM.Build.0 = Release|ARM
		{B4B63892-FC31-4FD1-B1D8-1C1762AB58BA}.Release|x64.ActiveCfg = Release|x64
		{B4B63892-FC31-4FD1-B1D8-1C1762AB58BA}.Release|x64.Build.0 = Release|x64
		{B4B63892-FC31-4FD1-B1D8-1C1762AB58BA}.Release|x86.ActiveCfg = Release|x86
		{B4B63892-FC31-4FD1-B1D8-1C1762AB58BA}.Release|x86.Build.0 = Release|x86
		{1857EF0E-2249-410D-982C-EE92571EB216}.Debug|Any CPU.ActiveCfg = Debug|Any CPU
		{1857EF0E-2249-410D-982C-EE92571EB216}.Debug|Any CPU.Build.0 = Debug|Any CPU
		{1857EF0E-2249-410D-982C-EE92571EB216}.Debug|ARM.ActiveCfg = Debug|ARM
		{1857EF0E-2249-410D-982C-EE92571EB216}.Debug|ARM.Build.0 = Debug|ARM
		{1857EF0E-2249-410D-982C-EE92571EB216}.Debug|ARM.Deploy.0 = Debug|ARM
		{1857EF0E-2249-410D-982C-EE92571EB216}.Debug|x64.ActiveCfg = Debug|x64
		{1857EF0E-2249-410D-982C-EE92571EB216}.Debug|x64.Build.0 = Debug|x64
		{1857EF0E-2249-410D-982C-EE92571EB216}.Debug|x64.Deploy.0 = Debug|x64
		{1857EF0E-2249-410D-982C-EE92571EB216}.Debug|x86.ActiveCfg = Debug|x86
		{1857EF0E-2249-410D-982C-EE92571EB216}.Debug|x86.Build.0 = Debug|x86
		{1857EF0E-2249-410D-982C-EE92571EB216}.Debug|x86.Deploy.0 = Debug|x86
		{1857EF0E-2249-410D-982C-EE92571EB216}.Release|Any CPU.ActiveCfg = Release|Any CPU
		{1857EF0E-2249-410D-982C-EE92571EB216}.Release|Any CPU.Build.0 = Release|Any CPU
		{1857EF0E-2249-410D-982C-EE92571EB216}.Release|ARM.ActiveCfg = Release|ARM
		{1857EF0E-2249-410D-982C-EE92571EB216}.Release|ARM.Build.0 = Release|ARM
		{1857EF0E-2249-410D-982C-EE92571EB216}.Release|ARM.Deploy.0 = Release|ARM
		{1857EF0E-2249-410D-982C-EE92571EB216}.Release|x64.ActiveCfg = Release|x64
		{1857EF0E-2249-410D-982C-EE92571EB216}.Release|x64.Build.0 = Release|x64
		{1857EF0E-2249-410D-982C-EE92571EB216}.Release|x64.Deploy.0 = Release|x64
		{1857EF0E-2249-410D-982C-EE92571EB216}.Release|x86.ActiveCfg = Release|x86
		{1857EF0E-2249-410D-982C-EE92571EB216}.Release|x86.Build.0 = Release|x86
		{1857EF0E-2249-410D-982C-EE92571EB216}.Release|x86.Deploy.0 = Release|x86
		{30EB1357-554D-432C-A01A-8B3145A8C119}.Debug|Any CPU.ActiveCfg = Debug|Any CPU
		{30EB1357-554D-432C-A01A-8B3145A8C119}.Debug|Any CPU.Build.0 = Debug|Any CPU
		{30EB1357-554D-432C-A01A-8B3145A8C119}.Debug|ARM.ActiveCfg = Debug|Any CPU
		{30EB1357-554D-432C-A01A-8B3145A8C119}.Debug|x64.ActiveCfg = Debug|Any CPU
		{30EB1357-554D-432C-A01A-8B3145A8C119}.Debug|x86.ActiveCfg = Debug|Any CPU
		{30EB1357-554D-432C-A01A-8B3145A8C119}.Release|Any CPU.ActiveCfg = Release|Any CPU
		{30EB1357-554D-432C-A01A-8B3145A8C119}.Release|Any CPU.Build.0 = Release|Any CPU
		{30EB1357-554D-432C-A01A-8B3145A8C119}.Release|ARM.ActiveCfg = Release|Any CPU
		{30EB1357-554D-432C-A01A-8B3145A8C119}.Release|x64.ActiveCfg = Release|Any CPU
		{30EB1357-554D-432C-A01A-8B3145A8C119}.Release|x86.ActiveCfg = Release|Any CPU
		{0C67AB13-7A53-4AD5-956F-B2B7F1CB5BB0}.Debug|Any CPU.ActiveCfg = Debug|Any CPU
		{0C67AB13-7A53-4AD5-956F-B2B7F1CB5BB0}.Debug|Any CPU.Build.0 = Debug|Any CPU
		{0C67AB13-7A53-4AD5-956F-B2B7F1CB5BB0}.Debug|ARM.ActiveCfg = Debug|Any CPU
		{0C67AB13-7A53-4AD5-956F-B2B7F1CB5BB0}.Debug|x64.ActiveCfg = Debug|Any CPU
		{0C67AB13-7A53-4AD5-956F-B2B7F1CB5BB0}.Debug|x86.ActiveCfg = Debug|Any CPU
		{0C67AB13-7A53-4AD5-956F-B2B7F1CB5BB0}.Release|Any CPU.ActiveCfg = Release|Any CPU
		{0C67AB13-7A53-4AD5-956F-B2B7F1CB5BB0}.Release|Any CPU.Build.0 = Release|Any CPU
		{0C67AB13-7A53-4AD5-956F-B2B7F1CB5BB0}.Release|ARM.ActiveCfg = Release|Any CPU
		{0C67AB13-7A53-4AD5-956F-B2B7F1CB5BB0}.Release|x64.ActiveCfg = Release|Any CPU
		{0C67AB13-7A53-4AD5-956F-B2B7F1CB5BB0}.Release|x86.ActiveCfg = Release|Any CPU
		{145DD07F-9C4C-42B0-B3C3-B539E9112E5F}.Debug|Any CPU.ActiveCfg = Debug|Any CPU
		{145DD07F-9C4C-42B0-B3C3-B539E9112E5F}.Debug|Any CPU.Build.0 = Debug|Any CPU
		{145DD07F-9C4C-42B0-B3C3-B539E9112E5F}.Debug|ARM.ActiveCfg = Debug|ARM
		{145DD07F-9C4C-42B0-B3C3-B539E9112E5F}.Debug|ARM.Build.0 = Debug|ARM
		{145DD07F-9C4C-42B0-B3C3-B539E9112E5F}.Debug|x64.ActiveCfg = Debug|Any CPU
		{145DD07F-9C4C-42B0-B3C3-B539E9112E5F}.Debug|x86.ActiveCfg = Debug|x86
		{145DD07F-9C4C-42B0-B3C3-B539E9112E5F}.Debug|x86.Build.0 = Debug|x86
		{145DD07F-9C4C-42B0-B3C3-B539E9112E5F}.Release|Any CPU.ActiveCfg = Release|Any CPU
		{145DD07F-9C4C-42B0-B3C3-B539E9112E5F}.Release|Any CPU.Build.0 = Release|Any CPU
		{145DD07F-9C4C-42B0-B3C3-B539E9112E5F}.Release|ARM.ActiveCfg = Release|ARM
		{145DD07F-9C4C-42B0-B3C3-B539E9112E5F}.Release|ARM.Build.0 = Release|ARM
		{145DD07F-9C4C-42B0-B3C3-B539E9112E5F}.Release|x64.ActiveCfg = Release|Any CPU
		{145DD07F-9C4C-42B0-B3C3-B539E9112E5F}.Release|x86.ActiveCfg = Release|x86
		{145DD07F-9C4C-42B0-B3C3-B539E9112E5F}.Release|x86.Build.0 = Release|x86
		{202F3285-4911-499F-90D0-0E6EA8563705}.Debug|Any CPU.ActiveCfg = Debug|Any CPU
		{202F3285-4911-499F-90D0-0E6EA8563705}.Debug|Any CPU.Build.0 = Debug|Any CPU
		{202F3285-4911-499F-90D0-0E6EA8563705}.Debug|ARM.ActiveCfg = Debug|ARM
		{202F3285-4911-499F-90D0-0E6EA8563705}.Debug|ARM.Build.0 = Debug|ARM
		{202F3285-4911-499F-90D0-0E6EA8563705}.Debug|ARM.Deploy.0 = Debug|ARM
		{202F3285-4911-499F-90D0-0E6EA8563705}.Debug|x64.ActiveCfg = Debug|Any CPU
		{202F3285-4911-499F-90D0-0E6EA8563705}.Debug|x86.ActiveCfg = Debug|x86
		{202F3285-4911-499F-90D0-0E6EA8563705}.Debug|x86.Build.0 = Debug|x86
		{202F3285-4911-499F-90D0-0E6EA8563705}.Debug|x86.Deploy.0 = Debug|x86
		{202F3285-4911-499F-90D0-0E6EA8563705}.Release|Any CPU.ActiveCfg = Release|Any CPU
		{202F3285-4911-499F-90D0-0E6EA8563705}.Release|Any CPU.Build.0 = Release|Any CPU
		{202F3285-4911-499F-90D0-0E6EA8563705}.Release|ARM.ActiveCfg = Release|ARM
		{202F3285-4911-499F-90D0-0E6EA8563705}.Release|ARM.Build.0 = Release|ARM
		{202F3285-4911-499F-90D0-0E6EA8563705}.Release|ARM.Deploy.0 = Release|ARM
		{202F3285-4911-499F-90D0-0E6EA8563705}.Release|x64.ActiveCfg = Release|Any CPU
		{202F3285-4911-499F-90D0-0E6EA8563705}.Release|x86.ActiveCfg = Release|x86
		{202F3285-4911-499F-90D0-0E6EA8563705}.Release|x86.Build.0 = Release|x86
		{202F3285-4911-499F-90D0-0E6EA8563705}.Release|x86.Deploy.0 = Release|x86
		{DB4E99F1-3CBE-4E76-9197-D6F884A0F618}.Debug|Any CPU.ActiveCfg = Debug|Any CPU
		{DB4E99F1-3CBE-4E76-9197-D6F884A0F618}.Debug|Any CPU.Build.0 = Debug|Any CPU
		{DB4E99F1-3CBE-4E76-9197-D6F884A0F618}.Debug|ARM.ActiveCfg = Debug|Any CPU
		{DB4E99F1-3CBE-4E76-9197-D6F884A0F618}.Debug|x64.ActiveCfg = Debug|Any CPU
		{DB4E99F1-3CBE-4E76-9197-D6F884A0F618}.Debug|x86.ActiveCfg = Debug|Any CPU
		{DB4E99F1-3CBE-4E76-9197-D6F884A0F618}.Release|Any CPU.ActiveCfg = Release|Any CPU
		{DB4E99F1-3CBE-4E76-9197-D6F884A0F618}.Release|Any CPU.Build.0 = Release|Any CPU
		{DB4E99F1-3CBE-4E76-9197-D6F884A0F618}.Release|ARM.ActiveCfg = Release|Any CPU
		{DB4E99F1-3CBE-4E76-9197-D6F884A0F618}.Release|x64.ActiveCfg = Release|Any CPU
		{DB4E99F1-3CBE-4E76-9197-D6F884A0F618}.Release|x86.ActiveCfg = Release|Any CPU
		{135504B6-2A47-4E30-994E-60BC49477091}.Debug|Any CPU.ActiveCfg = Debug|Any CPU
		{135504B6-2A47-4E30-994E-60BC49477091}.Debug|Any CPU.Build.0 = Debug|Any CPU
		{135504B6-2A47-4E30-994E-60BC49477091}.Debug|ARM.ActiveCfg = Debug|Any CPU
		{135504B6-2A47-4E30-994E-60BC49477091}.Debug|x64.ActiveCfg = Debug|Any CPU
		{135504B6-2A47-4E30-994E-60BC49477091}.Debug|x86.ActiveCfg = Debug|Any CPU
		{135504B6-2A47-4E30-994E-60BC49477091}.Release|Any CPU.ActiveCfg = Release|Any CPU
		{135504B6-2A47-4E30-994E-60BC49477091}.Release|Any CPU.Build.0 = Release|Any CPU
		{135504B6-2A47-4E30-994E-60BC49477091}.Release|ARM.ActiveCfg = Release|Any CPU
		{135504B6-2A47-4E30-994E-60BC49477091}.Release|x64.ActiveCfg = Release|Any CPU
		{135504B6-2A47-4E30-994E-60BC49477091}.Release|x86.ActiveCfg = Release|Any CPU
		{767FAD7D-A6CF-426E-AC34-6EA187C76FF9}.Debug|Any CPU.ActiveCfg = Debug|Any CPU
		{767FAD7D-A6CF-426E-AC34-6EA187C76FF9}.Debug|Any CPU.Build.0 = Debug|Any CPU
		{767FAD7D-A6CF-426E-AC34-6EA187C76FF9}.Debug|ARM.ActiveCfg = Debug|Any CPU
		{767FAD7D-A6CF-426E-AC34-6EA187C76FF9}.Debug|x64.ActiveCfg = Debug|Any CPU
		{767FAD7D-A6CF-426E-AC34-6EA187C76FF9}.Debug|x86.ActiveCfg = Debug|Any CPU
		{767FAD7D-A6CF-426E-AC34-6EA187C76FF9}.Release|Any CPU.ActiveCfg = Release|Any CPU
		{767FAD7D-A6CF-426E-AC34-6EA187C76FF9}.Release|Any CPU.Build.0 = Release|Any CPU
		{767FAD7D-A6CF-426E-AC34-6EA187C76FF9}.Release|ARM.ActiveCfg = Release|Any CPU
		{767FAD7D-A6CF-426E-AC34-6EA187C76FF9}.Release|x64.ActiveCfg = Release|Any CPU
		{767FAD7D-A6CF-426E-AC34-6EA187C76FF9}.Release|x86.ActiveCfg = Release|Any CPU
		{1B898AE6-9D4A-492C-B9CA-95272A6C6FF1}.Debug|Any CPU.ActiveCfg = Debug|Any CPU
		{1B898AE6-9D4A-492C-B9CA-95272A6C6FF1}.Debug|Any CPU.Build.0 = Debug|Any CPU
		{1B898AE6-9D4A-492C-B9CA-95272A6C6FF1}.Debug|ARM.ActiveCfg = Debug|Any CPU
		{1B898AE6-9D4A-492C-B9CA-95272A6C6FF1}.Debug|x64.ActiveCfg = Debug|Any CPU
		{1B898AE6-9D4A-492C-B9CA-95272A6C6FF1}.Debug|x86.ActiveCfg = Debug|Any CPU
		{1B898AE6-9D4A-492C-B9CA-95272A6C6FF1}.Release|Any CPU.ActiveCfg = Release|Any CPU
		{1B898AE6-9D4A-492C-B9CA-95272A6C6FF1}.Release|Any CPU.Build.0 = Release|Any CPU
		{1B898AE6-9D4A-492C-B9CA-95272A6C6FF1}.Release|ARM.ActiveCfg = Release|Any CPU
		{1B898AE6-9D4A-492C-B9CA-95272A6C6FF1}.Release|x64.ActiveCfg = Release|Any CPU
		{1B898AE6-9D4A-492C-B9CA-95272A6C6FF1}.Release|x86.ActiveCfg = Release|Any CPU
		{25797064-A7EB-4589-92A5-1BB9BC9F380C}.Debug|Any CPU.ActiveCfg = Debug|Any CPU
		{25797064-A7EB-4589-92A5-1BB9BC9F380C}.Debug|Any CPU.Build.0 = Debug|Any CPU
		{25797064-A7EB-4589-92A5-1BB9BC9F380C}.Debug|ARM.ActiveCfg = Debug|Any CPU
		{25797064-A7EB-4589-92A5-1BB9BC9F380C}.Debug|x64.ActiveCfg = Debug|Any CPU
		{25797064-A7EB-4589-92A5-1BB9BC9F380C}.Debug|x86.ActiveCfg = Debug|Any CPU
		{25797064-A7EB-4589-92A5-1BB9BC9F380C}.Release|Any CPU.ActiveCfg = Release|Any CPU
		{25797064-A7EB-4589-92A5-1BB9BC9F380C}.Release|Any CPU.Build.0 = Release|Any CPU
		{25797064-A7EB-4589-92A5-1BB9BC9F380C}.Release|ARM.ActiveCfg = Release|Any CPU
		{25797064-A7EB-4589-92A5-1BB9BC9F380C}.Release|x64.ActiveCfg = Release|Any CPU
		{25797064-A7EB-4589-92A5-1BB9BC9F380C}.Release|x86.ActiveCfg = Release|Any CPU
		{A4A5D575-77FB-4D1E-9B37-DCA8587E33D7}.Debug|Any CPU.ActiveCfg = Debug|Any CPU
		{A4A5D575-77FB-4D1E-9B37-DCA8587E33D7}.Debug|Any CPU.Build.0 = Debug|Any CPU
		{A4A5D575-77FB-4D1E-9B37-DCA8587E33D7}.Debug|ARM.ActiveCfg = Debug|ARM
		{A4A5D575-77FB-4D1E-9B37-DCA8587E33D7}.Debug|ARM.Build.0 = Debug|ARM
		{A4A5D575-77FB-4D1E-9B37-DCA8587E33D7}.Debug|x64.ActiveCfg = Debug|Any CPU
		{A4A5D575-77FB-4D1E-9B37-DCA8587E33D7}.Debug|x86.ActiveCfg = Debug|x86
		{A4A5D575-77FB-4D1E-9B37-DCA8587E33D7}.Debug|x86.Build.0 = Debug|x86
		{A4A5D575-77FB-4D1E-9B37-DCA8587E33D7}.Release|Any CPU.ActiveCfg = Release|Any CPU
		{A4A5D575-77FB-4D1E-9B37-DCA8587E33D7}.Release|Any CPU.Build.0 = Release|Any CPU
		{A4A5D575-77FB-4D1E-9B37-DCA8587E33D7}.Release|ARM.ActiveCfg = Release|ARM
		{A4A5D575-77FB-4D1E-9B37-DCA8587E33D7}.Release|ARM.Build.0 = Release|ARM
		{A4A5D575-77FB-4D1E-9B37-DCA8587E33D7}.Release|x64.ActiveCfg = Release|Any CPU
		{A4A5D575-77FB-4D1E-9B37-DCA8587E33D7}.Release|x86.ActiveCfg = Release|x86
		{A4A5D575-77FB-4D1E-9B37-DCA8587E33D7}.Release|x86.Build.0 = Release|x86
		{8BF0F61D-EA02-4EFE-8D74-A03FE6E23959}.Debug|Any CPU.ActiveCfg = Debug|Any CPU
		{8BF0F61D-EA02-4EFE-8D74-A03FE6E23959}.Debug|Any CPU.Build.0 = Debug|Any CPU
		{8BF0F61D-EA02-4EFE-8D74-A03FE6E23959}.Debug|ARM.ActiveCfg = Debug|Any CPU
		{8BF0F61D-EA02-4EFE-8D74-A03FE6E23959}.Debug|x64.ActiveCfg = Debug|Any CPU
		{8BF0F61D-EA02-4EFE-8D74-A03FE6E23959}.Debug|x86.ActiveCfg = Debug|Any CPU
		{8BF0F61D-EA02-4EFE-8D74-A03FE6E23959}.Release|Any CPU.ActiveCfg = Release|Any CPU
		{8BF0F61D-EA02-4EFE-8D74-A03FE6E23959}.Release|Any CPU.Build.0 = Release|Any CPU
		{8BF0F61D-EA02-4EFE-8D74-A03FE6E23959}.Release|ARM.ActiveCfg = Release|Any CPU
		{8BF0F61D-EA02-4EFE-8D74-A03FE6E23959}.Release|x64.ActiveCfg = Release|Any CPU
		{8BF0F61D-EA02-4EFE-8D74-A03FE6E23959}.Release|x86.ActiveCfg = Release|Any CPU
		{9922DCDF-57B3-43C9-A8FB-FCAB22A8556F}.Debug|Any CPU.ActiveCfg = Debug|Any CPU
		{9922DCDF-57B3-43C9-A8FB-FCAB22A8556F}.Debug|Any CPU.Build.0 = Debug|Any CPU
		{9922DCDF-57B3-43C9-A8FB-FCAB22A8556F}.Debug|ARM.ActiveCfg = Debug|Any CPU
		{9922DCDF-57B3-43C9-A8FB-FCAB22A8556F}.Debug|x64.ActiveCfg = Debug|Any CPU
		{9922DCDF-57B3-43C9-A8FB-FCAB22A8556F}.Debug|x86.ActiveCfg = Debug|Any CPU
		{9922DCDF-57B3-43C9-A8FB-FCAB22A8556F}.Release|Any CPU.ActiveCfg = Release|Any CPU
		{9922DCDF-57B3-43C9-A8FB-FCAB22A8556F}.Release|Any CPU.Build.0 = Release|Any CPU
		{9922DCDF-57B3-43C9-A8FB-FCAB22A8556F}.Release|ARM.ActiveCfg = Release|Any CPU
		{9922DCDF-57B3-43C9-A8FB-FCAB22A8556F}.Release|x64.ActiveCfg = Release|Any CPU
		{9922DCDF-57B3-43C9-A8FB-FCAB22A8556F}.Release|x86.ActiveCfg = Release|Any CPU
		{C085C1C6-2EF7-4003-A8FB-F394C64CCDB9}.Debug|Any CPU.ActiveCfg = Debug|Any CPU
		{C085C1C6-2EF7-4003-A8FB-F394C64CCDB9}.Debug|Any CPU.Build.0 = Debug|Any CPU
		{C085C1C6-2EF7-4003-A8FB-F394C64CCDB9}.Debug|ARM.ActiveCfg = Debug|Any CPU
		{C085C1C6-2EF7-4003-A8FB-F394C64CCDB9}.Debug|x64.ActiveCfg = Debug|Any CPU
		{C085C1C6-2EF7-4003-A8FB-F394C64CCDB9}.Debug|x86.ActiveCfg = Debug|Any CPU
		{C085C1C6-2EF7-4003-A8FB-F394C64CCDB9}.Release|Any CPU.ActiveCfg = Release|Any CPU
		{C085C1C6-2EF7-4003-A8FB-F394C64CCDB9}.Release|Any CPU.Build.0 = Release|Any CPU
		{C085C1C6-2EF7-4003-A8FB-F394C64CCDB9}.Release|ARM.ActiveCfg = Release|Any CPU
		{C085C1C6-2EF7-4003-A8FB-F394C64CCDB9}.Release|x64.ActiveCfg = Release|Any CPU
		{C085C1C6-2EF7-4003-A8FB-F394C64CCDB9}.Release|x86.ActiveCfg = Release|Any CPU
		{6D85CAE5-BE33-4E34-BE88-6B89362C5B53}.Debug|Any CPU.ActiveCfg = Debug|Any CPU
		{6D85CAE5-BE33-4E34-BE88-6B89362C5B53}.Debug|Any CPU.Build.0 = Debug|Any CPU
		{6D85CAE5-BE33-4E34-BE88-6B89362C5B53}.Debug|ARM.ActiveCfg = Debug|Any CPU
		{6D85CAE5-BE33-4E34-BE88-6B89362C5B53}.Debug|x64.ActiveCfg = Debug|Any CPU
		{6D85CAE5-BE33-4E34-BE88-6B89362C5B53}.Debug|x86.ActiveCfg = Debug|Any CPU
		{6D85CAE5-BE33-4E34-BE88-6B89362C5B53}.Release|Any CPU.ActiveCfg = Release|Any CPU
		{6D85CAE5-BE33-4E34-BE88-6B89362C5B53}.Release|Any CPU.Build.0 = Release|Any CPU
		{6D85CAE5-BE33-4E34-BE88-6B89362C5B53}.Release|ARM.ActiveCfg = Release|Any CPU
		{6D85CAE5-BE33-4E34-BE88-6B89362C5B53}.Release|x64.ActiveCfg = Release|Any CPU
		{6D85CAE5-BE33-4E34-BE88-6B89362C5B53}.Release|x86.ActiveCfg = Release|Any CPU
		{E9A0FBB0-74FC-4601-B26B-4B7720F6A380}.Debug|Any CPU.ActiveCfg = Debug|Any CPU
		{E9A0FBB0-74FC-4601-B26B-4B7720F6A380}.Debug|Any CPU.Build.0 = Debug|Any CPU
		{E9A0FBB0-74FC-4601-B26B-4B7720F6A380}.Debug|ARM.ActiveCfg = Debug|Any CPU
		{E9A0FBB0-74FC-4601-B26B-4B7720F6A380}.Debug|x64.ActiveCfg = Debug|Any CPU
		{E9A0FBB0-74FC-4601-B26B-4B7720F6A380}.Debug|x86.ActiveCfg = Debug|Any CPU
		{E9A0FBB0-74FC-4601-B26B-4B7720F6A380}.Release|Any CPU.ActiveCfg = Release|Any CPU
		{E9A0FBB0-74FC-4601-B26B-4B7720F6A380}.Release|Any CPU.Build.0 = Release|Any CPU
		{E9A0FBB0-74FC-4601-B26B-4B7720F6A380}.Release|ARM.ActiveCfg = Release|Any CPU
		{E9A0FBB0-74FC-4601-B26B-4B7720F6A380}.Release|x64.ActiveCfg = Release|Any CPU
		{E9A0FBB0-74FC-4601-B26B-4B7720F6A380}.Release|x86.ActiveCfg = Release|Any CPU
		{54549B5A-EFE2-4932-9681-6A135C796973}.Debug|Any CPU.ActiveCfg = Debug|Any CPU
		{54549B5A-EFE2-4932-9681-6A135C796973}.Debug|Any CPU.Build.0 = Debug|Any CPU
		{54549B5A-EFE2-4932-9681-6A135C796973}.Debug|ARM.ActiveCfg = Debug|Any CPU
		{54549B5A-EFE2-4932-9681-6A135C796973}.Debug|x64.ActiveCfg = Debug|Any CPU
		{54549B5A-EFE2-4932-9681-6A135C796973}.Debug|x86.ActiveCfg = Debug|Any CPU
		{54549B5A-EFE2-4932-9681-6A135C796973}.Release|Any CPU.ActiveCfg = Release|Any CPU
		{54549B5A-EFE2-4932-9681-6A135C796973}.Release|Any CPU.Build.0 = Release|Any CPU
		{54549B5A-EFE2-4932-9681-6A135C796973}.Release|ARM.ActiveCfg = Release|Any CPU
		{54549B5A-EFE2-4932-9681-6A135C796973}.Release|x64.ActiveCfg = Release|Any CPU
		{54549B5A-EFE2-4932-9681-6A135C796973}.Release|x86.ActiveCfg = Release|Any CPU
		{85FB7974-67DA-4A24-A76E-7DFF6F7FAF4C}.Debug|Any CPU.ActiveCfg = Debug|Any CPU
		{85FB7974-67DA-4A24-A76E-7DFF6F7FAF4C}.Debug|Any CPU.Build.0 = Debug|Any CPU
		{85FB7974-67DA-4A24-A76E-7DFF6F7FAF4C}.Debug|ARM.ActiveCfg = Debug|Any CPU
		{85FB7974-67DA-4A24-A76E-7DFF6F7FAF4C}.Debug|x64.ActiveCfg = Debug|Any CPU
		{85FB7974-67DA-4A24-A76E-7DFF6F7FAF4C}.Debug|x86.ActiveCfg = Debug|Any CPU
		{85FB7974-67DA-4A24-A76E-7DFF6F7FAF4C}.Release|Any CPU.ActiveCfg = Release|Any CPU
		{85FB7974-67DA-4A24-A76E-7DFF6F7FAF4C}.Release|Any CPU.Build.0 = Release|Any CPU
		{85FB7974-67DA-4A24-A76E-7DFF6F7FAF4C}.Release|ARM.ActiveCfg = Release|Any CPU
		{85FB7974-67DA-4A24-A76E-7DFF6F7FAF4C}.Release|x64.ActiveCfg = Release|Any CPU
		{85FB7974-67DA-4A24-A76E-7DFF6F7FAF4C}.Release|x86.ActiveCfg = Release|Any CPU
		{EC82DFCD-4F2A-4F78-9317-2824DC22CC9C}.Debug|Any CPU.ActiveCfg = Debug|Any CPU
		{EC82DFCD-4F2A-4F78-9317-2824DC22CC9C}.Debug|Any CPU.Build.0 = Debug|Any CPU
		{EC82DFCD-4F2A-4F78-9317-2824DC22CC9C}.Debug|ARM.ActiveCfg = Debug|ARM
		{EC82DFCD-4F2A-4F78-9317-2824DC22CC9C}.Debug|ARM.Build.0 = Debug|ARM
		{EC82DFCD-4F2A-4F78-9317-2824DC22CC9C}.Debug|x64.ActiveCfg = Debug|Any CPU
		{EC82DFCD-4F2A-4F78-9317-2824DC22CC9C}.Debug|x86.ActiveCfg = Debug|x86
		{EC82DFCD-4F2A-4F78-9317-2824DC22CC9C}.Debug|x86.Build.0 = Debug|x86
		{EC82DFCD-4F2A-4F78-9317-2824DC22CC9C}.Release|Any CPU.ActiveCfg = Release|Any CPU
		{EC82DFCD-4F2A-4F78-9317-2824DC22CC9C}.Release|Any CPU.Build.0 = Release|Any CPU
		{EC82DFCD-4F2A-4F78-9317-2824DC22CC9C}.Release|ARM.ActiveCfg = Release|ARM
		{EC82DFCD-4F2A-4F78-9317-2824DC22CC9C}.Release|ARM.Build.0 = Release|ARM
		{EC82DFCD-4F2A-4F78-9317-2824DC22CC9C}.Release|x64.ActiveCfg = Release|Any CPU
		{EC82DFCD-4F2A-4F78-9317-2824DC22CC9C}.Release|x86.ActiveCfg = Release|x86
		{EC82DFCD-4F2A-4F78-9317-2824DC22CC9C}.Release|x86.Build.0 = Release|x86
		{69C801A6-9E90-4A8F-A3F8-DBC21C7F5703}.Debug|Any CPU.ActiveCfg = Debug|Any CPU
		{69C801A6-9E90-4A8F-A3F8-DBC21C7F5703}.Debug|Any CPU.Build.0 = Debug|Any CPU
		{69C801A6-9E90-4A8F-A3F8-DBC21C7F5703}.Debug|ARM.ActiveCfg = Debug|Any CPU
		{69C801A6-9E90-4A8F-A3F8-DBC21C7F5703}.Debug|x64.ActiveCfg = Debug|Any CPU
		{69C801A6-9E90-4A8F-A3F8-DBC21C7F5703}.Debug|x86.ActiveCfg = Debug|Any CPU
		{69C801A6-9E90-4A8F-A3F8-DBC21C7F5703}.Release|Any CPU.ActiveCfg = Release|Any CPU
		{69C801A6-9E90-4A8F-A3F8-DBC21C7F5703}.Release|Any CPU.Build.0 = Release|Any CPU
		{69C801A6-9E90-4A8F-A3F8-DBC21C7F5703}.Release|ARM.ActiveCfg = Release|Any CPU
		{69C801A6-9E90-4A8F-A3F8-DBC21C7F5703}.Release|x64.ActiveCfg = Release|Any CPU
		{69C801A6-9E90-4A8F-A3F8-DBC21C7F5703}.Release|x86.ActiveCfg = Release|Any CPU
		{87DC41A3-515B-4811-9D27-CE5B182498B9}.Debug|Any CPU.ActiveCfg = Debug|Any CPU
		{87DC41A3-515B-4811-9D27-CE5B182498B9}.Debug|Any CPU.Build.0 = Debug|Any CPU
		{87DC41A3-515B-4811-9D27-CE5B182498B9}.Debug|ARM.ActiveCfg = Debug|ARM
		{87DC41A3-515B-4811-9D27-CE5B182498B9}.Debug|ARM.Build.0 = Debug|ARM
		{87DC41A3-515B-4811-9D27-CE5B182498B9}.Debug|x64.ActiveCfg = Debug|Any CPU
		{87DC41A3-515B-4811-9D27-CE5B182498B9}.Debug|x86.ActiveCfg = Debug|x86
		{87DC41A3-515B-4811-9D27-CE5B182498B9}.Debug|x86.Build.0 = Debug|x86
		{87DC41A3-515B-4811-9D27-CE5B182498B9}.Release|Any CPU.ActiveCfg = Release|Any CPU
		{87DC41A3-515B-4811-9D27-CE5B182498B9}.Release|Any CPU.Build.0 = Release|Any CPU
		{87DC41A3-515B-4811-9D27-CE5B182498B9}.Release|ARM.ActiveCfg = Release|ARM
		{87DC41A3-515B-4811-9D27-CE5B182498B9}.Release|ARM.Build.0 = Release|ARM
		{87DC41A3-515B-4811-9D27-CE5B182498B9}.Release|x64.ActiveCfg = Release|Any CPU
		{87DC41A3-515B-4811-9D27-CE5B182498B9}.Release|x86.ActiveCfg = Release|x86
		{87DC41A3-515B-4811-9D27-CE5B182498B9}.Release|x86.Build.0 = Release|x86
		{C59F93DA-49AE-4A8A-A011-2BF7EFEC84C6}.Debug|Any CPU.ActiveCfg = Debug|Any CPU
		{C59F93DA-49AE-4A8A-A011-2BF7EFEC84C6}.Debug|Any CPU.Build.0 = Debug|Any CPU
		{C59F93DA-49AE-4A8A-A011-2BF7EFEC84C6}.Debug|ARM.ActiveCfg = Debug|Any CPU
		{C59F93DA-49AE-4A8A-A011-2BF7EFEC84C6}.Debug|Mixed Platforms.ActiveCfg = Debug|Any CPU
		{C59F93DA-49AE-4A8A-A011-2BF7EFEC84C6}.Debug|Mixed Platforms.Build.0 = Debug|Any CPU
		{C59F93DA-49AE-4A8A-A011-2BF7EFEC84C6}.Debug|x64.ActiveCfg = Debug|Any CPU
		{C59F93DA-49AE-4A8A-A011-2BF7EFEC84C6}.Debug|x86.ActiveCfg = Debug|Any CPU
		{C59F93DA-49AE-4A8A-A011-2BF7EFEC84C6}.Release|Any CPU.ActiveCfg = Release|Any CPU
		{C59F93DA-49AE-4A8A-A011-2BF7EFEC84C6}.Release|Any CPU.Build.0 = Release|Any CPU
		{C59F93DA-49AE-4A8A-A011-2BF7EFEC84C6}.Release|ARM.ActiveCfg = Release|Any CPU
		{C59F93DA-49AE-4A8A-A011-2BF7EFEC84C6}.Release|Mixed Platforms.ActiveCfg = Release|Any CPU
		{C59F93DA-49AE-4A8A-A011-2BF7EFEC84C6}.Release|Mixed Platforms.Build.0 = Release|Any CPU
		{C59F93DA-49AE-4A8A-A011-2BF7EFEC84C6}.Release|x64.ActiveCfg = Release|Any CPU
		{C59F93DA-49AE-4A8A-A011-2BF7EFEC84C6}.Release|x86.ActiveCfg = Release|Any CPU
	EndGlobalSection
	GlobalSection(SolutionProperties) = preSolution
		HideSolutionNode = FALSE
	EndGlobalSection
	GlobalSection(NestedProjects) = preSolution
		{3D854D87-80FA-462A-A212-041A98CC41AB} = {6312F712-1C0C-4E13-AAFA-F3A39FDE5785}
		{795B00CF-12B0-4B45-B686-309D831979A4} = {6312F712-1C0C-4E13-AAFA-F3A39FDE5785}
		{8A7211BE-877E-4B4C-BDA8-B59EC3F8F1E6} = {D02EE7AB-5E92-4BF2-9ADC-1CFF12355895}
		{49AE62F7-E68D-4D15-82C9-AEFAD0769FFF} = {D02EE7AB-5E92-4BF2-9ADC-1CFF12355895}
		{591AD4DF-2FAD-4451-8A8A-5EF36ED2A2AC} = {D02EE7AB-5E92-4BF2-9ADC-1CFF12355895}
		{B48B5BEC-DE0F-4310-9A36-FF9C07D77ACF} = {D02EE7AB-5E92-4BF2-9ADC-1CFF12355895}
		{253F225A-8A50-4D1B-825B-E8C45370E7A9} = {D02EE7AB-5E92-4BF2-9ADC-1CFF12355895}
		{8AD2DC17-392C-4BBE-B34B-11A3ACB9DC86} = {D02EE7AB-5E92-4BF2-9ADC-1CFF12355895}
		{E72F0DF7-1725-4F64-AAFF-00208CD7553E} = {D02EE7AB-5E92-4BF2-9ADC-1CFF12355895}
		{8BF0F61D-EA02-4EFE-8D74-A03FE6E23959} = {D02EE7AB-5E92-4BF2-9ADC-1CFF12355895}
		{E9A0FBB0-74FC-4601-B26B-4B7720F6A380} = {D02EE7AB-5E92-4BF2-9ADC-1CFF12355895}
		{4D938E88-567A-4F81-A0E4-A56650C81053} = {63E573C9-D4C7-42E6-9055-DA74A2CB42CF}
		{C669FC1F-2AAF-4F22-B557-9C68F69A0B97} = {63E573C9-D4C7-42E6-9055-DA74A2CB42CF}
		{FCD5EF38-2602-43CE-AB0E-B01068873084} = {63E573C9-D4C7-42E6-9055-DA74A2CB42CF}
		{5C7DD589-456C-4DD7-9A92-99C0F952D08C} = {63E573C9-D4C7-42E6-9055-DA74A2CB42CF}
		{53515226-FBB6-477E-9C5F-4C5C592D6EC7} = {63E573C9-D4C7-42E6-9055-DA74A2CB42CF}
		{D0351D5D-7786-4E73-AD89-95D8F01262B5} = {8F8C747C-8DCC-4F57-97DA-40C04F1B1922}
		{12369004-8AB7-45B0-82AD-0A5C47AE897B} = {8F8C747C-8DCC-4F57-97DA-40C04F1B1922}
		{2FC39244-FCF8-4DB8-995E-1DC1AF72BD71} = {8F8C747C-8DCC-4F57-97DA-40C04F1B1922}
		{BC8F0174-00B4-4E03-8A1F-8D14BE6C80EC} = {A821787E-5D2A-4097-9F73-F8D445189AD1}
		{EF2AA829-F3C2-439B-9C86-CE5F835B9472} = {A821787E-5D2A-4097-9F73-F8D445189AD1}
		{3D7BB1D1-8938-4AAC-91B7-A3AE7E950C24} = {A821787E-5D2A-4097-9F73-F8D445189AD1}
		{C16EC3D2-FD92-4E8F-A5C2-73E8F80F84E1} = {A821787E-5D2A-4097-9F73-F8D445189AD1}
		{2FCDD1B2-3CAF-45DD-A625-E7CEAA571CF1} = {7BEEA54B-F5D3-419F-85DE-C78F460B9B8D}
		{BE2B43CC-201C-4004-8B1E-A173901D5276} = {7BEEA54B-F5D3-419F-85DE-C78F460B9B8D}
		{FAEB9F94-DEC5-4304-8188-CA2C28693948} = {7BEEA54B-F5D3-419F-85DE-C78F460B9B8D}
		{E7F67B82-F777-4BE7-B774-57BB44DB3EB8} = {2FCDD1B2-3CAF-45DD-A625-E7CEAA571CF1}
		{5213A9D0-EBC6-4B79-88C5-F9618B22E566} = {BC8F0174-00B4-4E03-8A1F-8D14BE6C80EC}
		{9922DCDF-57B3-43C9-A8FB-FCAB22A8556F} = {BC8F0174-00B4-4E03-8A1F-8D14BE6C80EC}
		{54549B5A-EFE2-4932-9681-6A135C796973} = {BC8F0174-00B4-4E03-8A1F-8D14BE6C80EC}
		{69C801A6-9E90-4A8F-A3F8-DBC21C7F5703} = {BC8F0174-00B4-4E03-8A1F-8D14BE6C80EC}
		{C59F93DA-49AE-4A8A-A011-2BF7EFEC84C6} = {BC8F0174-00B4-4E03-8A1F-8D14BE6C80EC}
		{6313E8C2-5D7D-4EB1-954D-24A7F1D2A4E7} = {EF2AA829-F3C2-439B-9C86-CE5F835B9472}
		{BB03BD0F-E707-45B9-AAEE-2A8DEB9120D3} = {EF2AA829-F3C2-439B-9C86-CE5F835B9472}
		{240098B2-2092-4EB7-955C-15154052F6E7} = {4D938E88-567A-4F81-A0E4-A56650C81053}
		{20FC6C18-4C37-4BAE-9482-B77B4664D058} = {4D938E88-567A-4F81-A0E4-A56650C81053}
		{E30E5700-3630-43B0-9E7C-BD6ACD62BDC2} = {BE2B43CC-201C-4004-8B1E-A173901D5276}
		{0C67AB13-7A53-4AD5-956F-B2B7F1CB5BB0} = {BE2B43CC-201C-4004-8B1E-A173901D5276}
		{098ABCAD-AE4B-4B21-91DD-103147C590B7} = {490BDFC2-7311-4718-B8E4-9D2CD49AE961}
		{53002372-02B3-4CEA-BE25-350FD8FFCD50} = {490BDFC2-7311-4718-B8E4-9D2CD49AE961}
		{471563FD-8737-458D-9A9B-31CECF479808} = {490BDFC2-7311-4718-B8E4-9D2CD49AE961}
		{00975B57-4823-4F0D-8E21-8C2E5270FD73} = {490BDFC2-7311-4718-B8E4-9D2CD49AE961}
		{516800DE-361F-40CD-949B-EDB990E500A9} = {490BDFC2-7311-4718-B8E4-9D2CD49AE961}
		{B4B63892-FC31-4FD1-B1D8-1C1762AB58BA} = {490BDFC2-7311-4718-B8E4-9D2CD49AE961}
		{1CA96C88-E2C3-438C-81A7-E7D9AFA657C4} = {098ABCAD-AE4B-4B21-91DD-103147C590B7}
		{1857EF0E-2249-410D-982C-EE92571EB216} = {3D7BB1D1-8938-4AAC-91B7-A3AE7E950C24}
		{30EB1357-554D-432C-A01A-8B3145A8C119} = {8A7211BE-877E-4B4C-BDA8-B59EC3F8F1E6}
		{145DD07F-9C4C-42B0-B3C3-B539E9112E5F} = {15155C19-57D4-44ED-B448-8E108695B12E}
		{A4A5D575-77FB-4D1E-9B37-DCA8587E33D7} = {15155C19-57D4-44ED-B448-8E108695B12E}
		{EC82DFCD-4F2A-4F78-9317-2824DC22CC9C} = {15155C19-57D4-44ED-B448-8E108695B12E}
		{87DC41A3-515B-4811-9D27-CE5B182498B9} = {15155C19-57D4-44ED-B448-8E108695B12E}
		{202F3285-4911-499F-90D0-0E6EA8563705} = {C16EC3D2-FD92-4E8F-A5C2-73E8F80F84E1}
		{25797064-A7EB-4589-92A5-1BB9BC9F380C} = {FAEB9F94-DEC5-4304-8188-CA2C28693948}
		{DB4E99F1-3CBE-4E76-9197-D6F884A0F618} = {135601F4-F15B-4EB2-A3F9-1385E9C1AE93}
		{135504B6-2A47-4E30-994E-60BC49477091} = {135601F4-F15B-4EB2-A3F9-1385E9C1AE93}
		{767FAD7D-A6CF-426E-AC34-6EA187C76FF9} = {135601F4-F15B-4EB2-A3F9-1385E9C1AE93}
		{1B898AE6-9D4A-492C-B9CA-95272A6C6FF1} = {135601F4-F15B-4EB2-A3F9-1385E9C1AE93}
		{C085C1C6-2EF7-4003-A8FB-F394C64CCDB9} = {135601F4-F15B-4EB2-A3F9-1385E9C1AE93}
		{6D85CAE5-BE33-4E34-BE88-6B89362C5B53} = {135601F4-F15B-4EB2-A3F9-1385E9C1AE93}
		{85FB7974-67DA-4A24-A76E-7DFF6F7FAF4C} = {135601F4-F15B-4EB2-A3F9-1385E9C1AE93}
	EndGlobalSection
	GlobalSection(ExtensibilityGlobals) = postSolution
		EnterpriseLibraryConfigurationToolBinariesPath = packages\Unity.2.1.505.2\lib\NET35
	EndGlobalSection
	GlobalSection(Performance) = preSolution
		HasPerformanceSessions = true
	EndGlobalSection
EndGlobal
