
Microsoft Visual Studio Solution File, Format Version 12.00
# Visual Studio 2013
VisualStudioVersion = 12.0.31101.0
MinimumVisualStudioVersion = 10.0.40219.1
Project("{2150E333-8FDC-42A3-9474-1A3956D46DE8}") = "Solution Items", "Solution Items", "{CDD1DA5D-B3A3-4274-9F83-4ACDE54C34EF}"
	ProjectSection(SolutionItems) = preProject
		Command Line Arguments.txt = Command Line Arguments.txt
		How to build.txt = How to build.txt
		WebEssentials-Settings.json = WebEssentials-Settings.json
	EndProjectSection
EndProject
Project("{2150E333-8FDC-42A3-9474-1A3956D46DE8}") = "net40", "net40", "{D02EE7AB-5E92-4BF2-9ADC-1CFF12355895}"
EndProject
Project("{2150E333-8FDC-42A3-9474-1A3956D46DE8}") = "net35", "net35", "{63E573C9-D4C7-42E6-9055-DA74A2CB42CF}"
EndProject
Project("{2150E333-8FDC-42A3-9474-1A3956D46DE8}") = "Tests", "Tests", "{4D938E88-567A-4F81-A0E4-A56650C81053}"
EndProject
Project("{2150E333-8FDC-42A3-9474-1A3956D46DE8}") = "net45", "net45", "{135601F4-F15B-4EB2-A3F9-1385E9C1AE93}"
EndProject
Project("{FAE04EC0-301F-11D3-BF4B-00C04F79EFBC}") = "Radical", "net35\Radical\Radical.csproj", "{C669FC1F-2AAF-4F22-B557-9C68F69A0B97}"
EndProject
Project("{FAE04EC0-301F-11D3-BF4B-00C04F79EFBC}") = "Radical.Windows", "net35\Radical.Windows\Radical.Windows.csproj", "{FCD5EF38-2602-43CE-AB0E-B01068873084}"
EndProject
Project("{FAE04EC0-301F-11D3-BF4B-00C04F79EFBC}") = "Radical.Design", "net35\Radical.Design\Radical.Design.csproj", "{5C7DD589-456C-4DD7-9A92-99C0F952D08C}"
EndProject
Project("{FAE04EC0-301F-11D3-BF4B-00C04F79EFBC}") = "Radical.ServiceModel", "net40\Radical.ServiceModel\Radical.ServiceModel.csproj", "{49AE62F7-E68D-4D15-82C9-AEFAD0769FFF}"
EndProject
Project("{FAE04EC0-301F-11D3-BF4B-00C04F79EFBC}") = "Radical.ServiceModel", "net35\Radical.ServiceModel\Radical.ServiceModel.csproj", "{53515226-FBB6-477E-9C5F-4C5C592D6EC7}"
EndProject
Project("{FAE04EC0-301F-11D3-BF4B-00C04F79EFBC}") = "Radical.Windows.Presentation", "net40\Radical.Windows.Presentation\Radical.Windows.Presentation.csproj", "{591AD4DF-2FAD-4451-8A8A-5EF36ED2A2AC}"
EndProject
Project("{FAE04EC0-301F-11D3-BF4B-00C04F79EFBC}") = "Radical", "net40\Radical\Radical.csproj", "{B48B5BEC-DE0F-4310-9A36-FF9C07D77ACF}"
EndProject
Project("{FAE04EC0-301F-11D3-BF4B-00C04F79EFBC}") = "Radical.Design", "net40\Radical.Design\Radical.Design.csproj", "{253F225A-8A50-4D1B-825B-E8C45370E7A9}"
EndProject
Project("{FAE04EC0-301F-11D3-BF4B-00C04F79EFBC}") = "Radical.Windows", "net40\Radical.Windows\Radical.Windows.csproj", "{8AD2DC17-392C-4BBE-B34B-11A3ACB9DC86}"
EndProject
Project("{FAE04EC0-301F-11D3-BF4B-00C04F79EFBC}") = "Radical.Windows.Presentation.CastleWindsor", "net40\Radical.Windows.Presentation.CastleWindsor\Radical.Windows.Presentation.CastleWindsor.csproj", "{E72F0DF7-1725-4F64-AAFF-00208CD7553E}"
EndProject
Project("{FAE04EC0-301F-11D3-BF4B-00C04F79EFBC}") = "Radical", "net45\Radical\Radical.csproj", "{DB4E99F1-3CBE-4E76-9197-D6F884A0F618}"
EndProject
Project("{FAE04EC0-301F-11D3-BF4B-00C04F79EFBC}") = "Radical.Windows", "net45\Radical.Windows\Radical.Windows.csproj", "{135504B6-2A47-4E30-994E-60BC49477091}"
EndProject
Project("{FAE04EC0-301F-11D3-BF4B-00C04F79EFBC}") = "Radical.Windows.Presentation", "net45\Radical.Windows.Presentation\Radical.Windows.Presentation.csproj", "{767FAD7D-A6CF-426E-AC34-6EA187C76FF9}"
EndProject
Project("{FAE04EC0-301F-11D3-BF4B-00C04F79EFBC}") = "Radical.Windows.Presentation.CastleWindsor", "net45\Radical.Windows.Presentation.CastleWindsor\Radical.Windows.Presentation.CastleWindsor.csproj", "{1B898AE6-9D4A-492C-B9CA-95272A6C6FF1}"
EndProject
Project("{FAE04EC0-301F-11D3-BF4B-00C04F79EFBC}") = "Radical.Windows.Presentation.Unity2", "net40\Radical.Windows.Presentation.Unity2\Radical.Windows.Presentation.Unity2.csproj", "{8BF0F61D-EA02-4EFE-8D74-A03FE6E23959}"
EndProject
Project("{FAE04EC0-301F-11D3-BF4B-00C04F79EFBC}") = "Radical.Windows.Presentation.Unity2", "net45\Radical.Windows.Presentation.Unity2\Radical.Windows.Presentation.Unity2.csproj", "{C085C1C6-2EF7-4003-A8FB-F394C64CCDB9}"
EndProject
Project("{FAE04EC0-301F-11D3-BF4B-00C04F79EFBC}") = "Radical.Windows.Presentation.Unity3", "net45\Radical.Windows.Presentation.Unity3\Radical.Windows.Presentation.Unity3.csproj", "{6D85CAE5-BE33-4E34-BE88-6B89362C5B53}"
EndProject
Project("{FAE04EC0-301F-11D3-BF4B-00C04F79EFBC}") = "Radical.Windows.Presentation.Autofac", "net40\Radical.Windows.Presentation.Autofac\Radical.Windows.Presentation.Autofac.csproj", "{E9A0FBB0-74FC-4601-B26B-4B7720F6A380}"
EndProject
Project("{FAE04EC0-301F-11D3-BF4B-00C04F79EFBC}") = "Radical.Windows.Presentation.Autofac", "net45\Radical.Windows.Presentation.Autofac\Radical.Windows.Presentation.Autofac.csproj", "{85FB7974-67DA-4A24-A76E-7DFF6F7FAF4C}"
EndProject
Project("{FAE04EC0-301F-11D3-BF4B-00C04F79EFBC}") = "TestGridView", "net40\TestGridView\TestGridView.csproj", "{C59F93DA-49AE-4A8A-A011-2BF7EFEC84C6}"
EndProject
Project("{2150E333-8FDC-42A3-9474-1A3956D46DE8}") = ".nuget", ".nuget", "{557CC2FF-843C-4096-B12B-6F9A8884FA3E}"
EndProject
Project("{E09DD79A-4488-4AB9-8D3F-A7EEE78BF432}") = "Radical", "nuget\Radical\Radical.nuproj", "{EC83887C-A2E1-4769-8AA0-FF8FA106DB40}"
	ProjectSection(ProjectDependencies) = postProject
		{C669FC1F-2AAF-4F22-B557-9C68F69A0B97} = {C669FC1F-2AAF-4F22-B557-9C68F69A0B97}
		{B48B5BEC-DE0F-4310-9A36-FF9C07D77ACF} = {B48B5BEC-DE0F-4310-9A36-FF9C07D77ACF}
		{DB4E99F1-3CBE-4E76-9197-D6F884A0F618} = {DB4E99F1-3CBE-4E76-9197-D6F884A0F618}
	EndProjectSection
EndProject
Project("{E09DD79A-4488-4AB9-8D3F-A7EEE78BF432}") = "Radical.Design", "nuget\Radical.Design\Radical.Design.nuproj", "{93D00F74-CD5F-455A-BD2E-2A384D4CB91D}"
	ProjectSection(ProjectDependencies) = postProject
		{253F225A-8A50-4D1B-825B-E8C45370E7A9} = {253F225A-8A50-4D1B-825B-E8C45370E7A9}
		{5C7DD589-456C-4DD7-9A92-99C0F952D08C} = {5C7DD589-456C-4DD7-9A92-99C0F952D08C}
	EndProjectSection
EndProject
Project("{E09DD79A-4488-4AB9-8D3F-A7EEE78BF432}") = "Radical.Extensions.CastleWindsor", "nuget\Radical.Extensions.CastleWindsor\Radical.Extensions.CastleWindsor.nuproj", "{0ED4E6F2-006C-4E54-9396-566BE245B1DD}"
EndProject
Project("{E09DD79A-4488-4AB9-8D3F-A7EEE78BF432}") = "Radical.Windows", "nuget\Radical.Windows\Radical.Windows.nuproj", "{C0839A63-1571-49CD-AE59-4042DB01478C}"
	ProjectSection(ProjectDependencies) = postProject
		{8AD2DC17-392C-4BBE-B34B-11A3ACB9DC86} = {8AD2DC17-392C-4BBE-B34B-11A3ACB9DC86}
		{FCD5EF38-2602-43CE-AB0E-B01068873084} = {FCD5EF38-2602-43CE-AB0E-B01068873084}
		{135504B6-2A47-4E30-994E-60BC49477091} = {135504B6-2A47-4E30-994E-60BC49477091}
	EndProjectSection
EndProject
Project("{E09DD79A-4488-4AB9-8D3F-A7EEE78BF432}") = "Radical.Windows.Presentation", "nuget\Radical.Windows.Presentation\Radical.Windows.Presentation.nuproj", "{14EF774C-241F-45AA-B625-4598D6C3133E}"
	ProjectSection(ProjectDependencies) = postProject
		{767FAD7D-A6CF-426E-AC34-6EA187C76FF9} = {767FAD7D-A6CF-426E-AC34-6EA187C76FF9}
		{591AD4DF-2FAD-4451-8A8A-5EF36ED2A2AC} = {591AD4DF-2FAD-4451-8A8A-5EF36ED2A2AC}
	EndProjectSection
EndProject
Project("{E09DD79A-4488-4AB9-8D3F-A7EEE78BF432}") = "Radical.Windows.Presentation.CastleWindsor", "nuget\Radical.Windows.Presentation.CastleWindsor\Radical.Windows.Presentation.CastleWindsor.nuproj", "{FD538470-B83A-4055-AF01-E1885FBBBAA0}"
	ProjectSection(ProjectDependencies) = postProject
		{1B898AE6-9D4A-492C-B9CA-95272A6C6FF1} = {1B898AE6-9D4A-492C-B9CA-95272A6C6FF1}
		{E72F0DF7-1725-4F64-AAFF-00208CD7553E} = {E72F0DF7-1725-4F64-AAFF-00208CD7553E}
	EndProjectSection
EndProject
Project("{FAE04EC0-301F-11D3-BF4B-00C04F79EFBC}") = "WpfRadicalMultipleReceiver", "net45\WpfRadicalMultipleReceiverTest\WpfRadicalMultipleReceiver.csproj", "{6D09BE30-0E66-46B9-AC74-09771AEFD15B}"
EndProject
Project("{2150E333-8FDC-42A3-9474-1A3956D46DE8}") = "net40", "net40", "{667F5571-5118-4BDB-A011-BFB5DEAE389C}"
EndProject
Project("{FAE04EC0-301F-11D3-BF4B-00C04F79EFBC}") = "Test.Radical", "net40\Test.Radical\Test.Radical.csproj", "{240098B2-2092-4EB7-955C-15154052F6E7}"
EndProject
Project("{FAE04EC0-301F-11D3-BF4B-00C04F79EFBC}") = "Test.Radical.Windows", "net40\Test.Radical.Windows\Test.Radical.Windows.csproj", "{20FC6C18-4C37-4BAE-9482-B77B4664D058}"
EndProject
Project("{2150E333-8FDC-42A3-9474-1A3956D46DE8}") = "net45", "net45", "{FD7E428B-8FDB-4EEA-95E6-28598703E605}"
EndProject
Project("{FAE04EC0-301F-11D3-BF4B-00C04F79EFBC}") = "Test.Radical", "net45\Test.Radical\Test.Radical.csproj", "{602FFE39-19E6-4E1B-A496-CFB6D01F2B7A}"
EndProject
Project("{FAE04EC0-301F-11D3-BF4B-00C04F79EFBC}") = "Test.Radical.Windows.Presentation", "net45\Test.Radical.Windows.Presentation\Test.Radical.Windows.Presentation.csproj", "{30EB1357-554D-432C-A01A-8B3145A8C119}"
EndProject
Project("{FAE04EC0-301F-11D3-BF4B-00C04F79EFBC}") = "Test.Radical.Windows.Presentation.CastleWindsor", "net40\Test.Radical.Windows.Presentation.CastleWindsor\Test.Radical.Windows.Presentation.CastleWindsor.csproj", "{D8CBEDAB-2991-47DA-82F0-D748C0AFB11A}"
EndProject
Project("{2150E333-8FDC-42A3-9474-1A3956D46DE8}") = "net35", "net35", "{876AAE43-D461-4261-BE26-1AF1593FE770}"
EndProject
Global
	GlobalSection(SolutionConfigurationPlatforms) = preSolution
		Debug|Any CPU = Debug|Any CPU
		Debug|ARM = Debug|ARM
		Debug|x64 = Debug|x64
		Debug|x86 = Debug|x86
		Release|Any CPU = Release|Any CPU
		Release|ARM = Release|ARM
		Release|x64 = Release|x64
		Release|x86 = Release|x86
	EndGlobalSection
	GlobalSection(ProjectConfigurationPlatforms) = postSolution
		{C669FC1F-2AAF-4F22-B557-9C68F69A0B97}.Debug|Any CPU.ActiveCfg = Debug|Any CPU
		{C669FC1F-2AAF-4F22-B557-9C68F69A0B97}.Debug|Any CPU.Build.0 = Debug|Any CPU
		{C669FC1F-2AAF-4F22-B557-9C68F69A0B97}.Debug|ARM.ActiveCfg = Debug|Any CPU
		{C669FC1F-2AAF-4F22-B557-9C68F69A0B97}.Debug|x64.ActiveCfg = Debug|Any CPU
		{C669FC1F-2AAF-4F22-B557-9C68F69A0B97}.Debug|x86.ActiveCfg = Debug|Any CPU
		{C669FC1F-2AAF-4F22-B557-9C68F69A0B97}.Release|Any CPU.ActiveCfg = Release|Any CPU
		{C669FC1F-2AAF-4F22-B557-9C68F69A0B97}.Release|Any CPU.Build.0 = Release|Any CPU
		{C669FC1F-2AAF-4F22-B557-9C68F69A0B97}.Release|ARM.ActiveCfg = Release|Any CPU
		{C669FC1F-2AAF-4F22-B557-9C68F69A0B97}.Release|x64.ActiveCfg = Release|Any CPU
		{C669FC1F-2AAF-4F22-B557-9C68F69A0B97}.Release|x86.ActiveCfg = Release|Any CPU
		{FCD5EF38-2602-43CE-AB0E-B01068873084}.Debug|Any CPU.ActiveCfg = Debug|Any CPU
		{FCD5EF38-2602-43CE-AB0E-B01068873084}.Debug|Any CPU.Build.0 = Debug|Any CPU
		{FCD5EF38-2602-43CE-AB0E-B01068873084}.Debug|ARM.ActiveCfg = Debug|Any CPU
		{FCD5EF38-2602-43CE-AB0E-B01068873084}.Debug|x64.ActiveCfg = Debug|Any CPU
		{FCD5EF38-2602-43CE-AB0E-B01068873084}.Debug|x86.ActiveCfg = Debug|Any CPU
		{FCD5EF38-2602-43CE-AB0E-B01068873084}.Release|Any CPU.ActiveCfg = Release|Any CPU
		{FCD5EF38-2602-43CE-AB0E-B01068873084}.Release|Any CPU.Build.0 = Release|Any CPU
		{FCD5EF38-2602-43CE-AB0E-B01068873084}.Release|ARM.ActiveCfg = Release|Any CPU
		{FCD5EF38-2602-43CE-AB0E-B01068873084}.Release|x64.ActiveCfg = Release|Any CPU
		{FCD5EF38-2602-43CE-AB0E-B01068873084}.Release|x86.ActiveCfg = Release|Any CPU
		{5C7DD589-456C-4DD7-9A92-99C0F952D08C}.Debug|Any CPU.ActiveCfg = Debug|Any CPU
		{5C7DD589-456C-4DD7-9A92-99C0F952D08C}.Debug|Any CPU.Build.0 = Debug|Any CPU
		{5C7DD589-456C-4DD7-9A92-99C0F952D08C}.Debug|ARM.ActiveCfg = Debug|Any CPU
		{5C7DD589-456C-4DD7-9A92-99C0F952D08C}.Debug|x64.ActiveCfg = Debug|Any CPU
		{5C7DD589-456C-4DD7-9A92-99C0F952D08C}.Debug|x86.ActiveCfg = Debug|Any CPU
		{5C7DD589-456C-4DD7-9A92-99C0F952D08C}.Release|Any CPU.ActiveCfg = Release|Any CPU
		{5C7DD589-456C-4DD7-9A92-99C0F952D08C}.Release|Any CPU.Build.0 = Release|Any CPU
		{5C7DD589-456C-4DD7-9A92-99C0F952D08C}.Release|ARM.ActiveCfg = Release|Any CPU
		{5C7DD589-456C-4DD7-9A92-99C0F952D08C}.Release|x64.ActiveCfg = Release|Any CPU
		{5C7DD589-456C-4DD7-9A92-99C0F952D08C}.Release|x86.ActiveCfg = Release|Any CPU
		{49AE62F7-E68D-4D15-82C9-AEFAD0769FFF}.Debug|Any CPU.ActiveCfg = Debug|Any CPU
		{49AE62F7-E68D-4D15-82C9-AEFAD0769FFF}.Debug|Any CPU.Build.0 = Debug|Any CPU
		{49AE62F7-E68D-4D15-82C9-AEFAD0769FFF}.Debug|ARM.ActiveCfg = Debug|Any CPU
		{49AE62F7-E68D-4D15-82C9-AEFAD0769FFF}.Debug|x64.ActiveCfg = Debug|Any CPU
		{49AE62F7-E68D-4D15-82C9-AEFAD0769FFF}.Debug|x86.ActiveCfg = Debug|Any CPU
		{49AE62F7-E68D-4D15-82C9-AEFAD0769FFF}.Release|Any CPU.ActiveCfg = Release|Any CPU
		{49AE62F7-E68D-4D15-82C9-AEFAD0769FFF}.Release|Any CPU.Build.0 = Release|Any CPU
		{49AE62F7-E68D-4D15-82C9-AEFAD0769FFF}.Release|ARM.ActiveCfg = Release|Any CPU
		{49AE62F7-E68D-4D15-82C9-AEFAD0769FFF}.Release|x64.ActiveCfg = Release|Any CPU
		{49AE62F7-E68D-4D15-82C9-AEFAD0769FFF}.Release|x86.ActiveCfg = Release|Any CPU
		{53515226-FBB6-477E-9C5F-4C5C592D6EC7}.Debug|Any CPU.ActiveCfg = Debug|Any CPU
		{53515226-FBB6-477E-9C5F-4C5C592D6EC7}.Debug|Any CPU.Build.0 = Debug|Any CPU
		{53515226-FBB6-477E-9C5F-4C5C592D6EC7}.Debug|ARM.ActiveCfg = Debug|Any CPU
		{53515226-FBB6-477E-9C5F-4C5C592D6EC7}.Debug|x64.ActiveCfg = Debug|Any CPU
		{53515226-FBB6-477E-9C5F-4C5C592D6EC7}.Debug|x86.ActiveCfg = Debug|Any CPU
		{53515226-FBB6-477E-9C5F-4C5C592D6EC7}.Release|Any CPU.ActiveCfg = Release|Any CPU
		{53515226-FBB6-477E-9C5F-4C5C592D6EC7}.Release|Any CPU.Build.0 = Release|Any CPU
		{53515226-FBB6-477E-9C5F-4C5C592D6EC7}.Release|ARM.ActiveCfg = Release|Any CPU
		{53515226-FBB6-477E-9C5F-4C5C592D6EC7}.Release|x64.ActiveCfg = Release|Any CPU
		{53515226-FBB6-477E-9C5F-4C5C592D6EC7}.Release|x86.ActiveCfg = Release|Any CPU
		{591AD4DF-2FAD-4451-8A8A-5EF36ED2A2AC}.Debug|Any CPU.ActiveCfg = Debug|Any CPU
		{591AD4DF-2FAD-4451-8A8A-5EF36ED2A2AC}.Debug|Any CPU.Build.0 = Debug|Any CPU
		{591AD4DF-2FAD-4451-8A8A-5EF36ED2A2AC}.Debug|ARM.ActiveCfg = Debug|Any CPU
		{591AD4DF-2FAD-4451-8A8A-5EF36ED2A2AC}.Debug|x64.ActiveCfg = Debug|Any CPU
		{591AD4DF-2FAD-4451-8A8A-5EF36ED2A2AC}.Debug|x86.ActiveCfg = Debug|Any CPU
		{591AD4DF-2FAD-4451-8A8A-5EF36ED2A2AC}.Release|Any CPU.ActiveCfg = Release|Any CPU
		{591AD4DF-2FAD-4451-8A8A-5EF36ED2A2AC}.Release|Any CPU.Build.0 = Release|Any CPU
		{591AD4DF-2FAD-4451-8A8A-5EF36ED2A2AC}.Release|ARM.ActiveCfg = Release|Any CPU
		{591AD4DF-2FAD-4451-8A8A-5EF36ED2A2AC}.Release|x64.ActiveCfg = Release|Any CPU
		{591AD4DF-2FAD-4451-8A8A-5EF36ED2A2AC}.Release|x86.ActiveCfg = Release|Any CPU
		{B48B5BEC-DE0F-4310-9A36-FF9C07D77ACF}.Debug|Any CPU.ActiveCfg = Debug|Any CPU
		{B48B5BEC-DE0F-4310-9A36-FF9C07D77ACF}.Debug|Any CPU.Build.0 = Debug|Any CPU
		{B48B5BEC-DE0F-4310-9A36-FF9C07D77ACF}.Debug|ARM.ActiveCfg = Debug|Any CPU
		{B48B5BEC-DE0F-4310-9A36-FF9C07D77ACF}.Debug|x64.ActiveCfg = Debug|Any CPU
		{B48B5BEC-DE0F-4310-9A36-FF9C07D77ACF}.Debug|x86.ActiveCfg = Debug|Any CPU
		{B48B5BEC-DE0F-4310-9A36-FF9C07D77ACF}.Release|Any CPU.ActiveCfg = Release|Any CPU
		{B48B5BEC-DE0F-4310-9A36-FF9C07D77ACF}.Release|Any CPU.Build.0 = Release|Any CPU
		{B48B5BEC-DE0F-4310-9A36-FF9C07D77ACF}.Release|ARM.ActiveCfg = Release|Any CPU
		{B48B5BEC-DE0F-4310-9A36-FF9C07D77ACF}.Release|x64.ActiveCfg = Release|Any CPU
		{B48B5BEC-DE0F-4310-9A36-FF9C07D77ACF}.Release|x86.ActiveCfg = Release|Any CPU
		{253F225A-8A50-4D1B-825B-E8C45370E7A9}.Debug|Any CPU.ActiveCfg = Debug|Any CPU
		{253F225A-8A50-4D1B-825B-E8C45370E7A9}.Debug|Any CPU.Build.0 = Debug|Any CPU
		{253F225A-8A50-4D1B-825B-E8C45370E7A9}.Debug|ARM.ActiveCfg = Debug|Any CPU
		{253F225A-8A50-4D1B-825B-E8C45370E7A9}.Debug|x64.ActiveCfg = Debug|Any CPU
		{253F225A-8A50-4D1B-825B-E8C45370E7A9}.Debug|x86.ActiveCfg = Debug|Any CPU
		{253F225A-8A50-4D1B-825B-E8C45370E7A9}.Release|Any CPU.ActiveCfg = Release|Any CPU
		{253F225A-8A50-4D1B-825B-E8C45370E7A9}.Release|Any CPU.Build.0 = Release|Any CPU
		{253F225A-8A50-4D1B-825B-E8C45370E7A9}.Release|ARM.ActiveCfg = Release|Any CPU
		{253F225A-8A50-4D1B-825B-E8C45370E7A9}.Release|x64.ActiveCfg = Release|Any CPU
		{253F225A-8A50-4D1B-825B-E8C45370E7A9}.Release|x86.ActiveCfg = Release|Any CPU
		{8AD2DC17-392C-4BBE-B34B-11A3ACB9DC86}.Debug|Any CPU.ActiveCfg = Debug|Any CPU
		{8AD2DC17-392C-4BBE-B34B-11A3ACB9DC86}.Debug|Any CPU.Build.0 = Debug|Any CPU
		{8AD2DC17-392C-4BBE-B34B-11A3ACB9DC86}.Debug|ARM.ActiveCfg = Debug|Any CPU
		{8AD2DC17-392C-4BBE-B34B-11A3ACB9DC86}.Debug|x64.ActiveCfg = Debug|Any CPU
		{8AD2DC17-392C-4BBE-B34B-11A3ACB9DC86}.Debug|x86.ActiveCfg = Debug|Any CPU
		{8AD2DC17-392C-4BBE-B34B-11A3ACB9DC86}.Release|Any CPU.ActiveCfg = Release|Any CPU
		{8AD2DC17-392C-4BBE-B34B-11A3ACB9DC86}.Release|Any CPU.Build.0 = Release|Any CPU
		{8AD2DC17-392C-4BBE-B34B-11A3ACB9DC86}.Release|ARM.ActiveCfg = Release|Any CPU
		{8AD2DC17-392C-4BBE-B34B-11A3ACB9DC86}.Release|x64.ActiveCfg = Release|Any CPU
		{8AD2DC17-392C-4BBE-B34B-11A3ACB9DC86}.Release|x86.ActiveCfg = Release|Any CPU
		{E72F0DF7-1725-4F64-AAFF-00208CD7553E}.Debug|Any CPU.ActiveCfg = Debug|Any CPU
		{E72F0DF7-1725-4F64-AAFF-00208CD7553E}.Debug|Any CPU.Build.0 = Debug|Any CPU
		{E72F0DF7-1725-4F64-AAFF-00208CD7553E}.Debug|ARM.ActiveCfg = Debug|Any CPU
		{E72F0DF7-1725-4F64-AAFF-00208CD7553E}.Debug|x64.ActiveCfg = Debug|Any CPU
		{E72F0DF7-1725-4F64-AAFF-00208CD7553E}.Debug|x86.ActiveCfg = Debug|Any CPU
		{E72F0DF7-1725-4F64-AAFF-00208CD7553E}.Release|Any CPU.ActiveCfg = Release|Any CPU
		{E72F0DF7-1725-4F64-AAFF-00208CD7553E}.Release|Any CPU.Build.0 = Release|Any CPU
		{E72F0DF7-1725-4F64-AAFF-00208CD7553E}.Release|ARM.ActiveCfg = Release|Any CPU
		{E72F0DF7-1725-4F64-AAFF-00208CD7553E}.Release|x64.ActiveCfg = Release|Any CPU
		{E72F0DF7-1725-4F64-AAFF-00208CD7553E}.Release|x86.ActiveCfg = Release|Any CPU
		{DB4E99F1-3CBE-4E76-9197-D6F884A0F618}.Debug|Any CPU.ActiveCfg = Debug|Any CPU
		{DB4E99F1-3CBE-4E76-9197-D6F884A0F618}.Debug|Any CPU.Build.0 = Debug|Any CPU
		{DB4E99F1-3CBE-4E76-9197-D6F884A0F618}.Debug|ARM.ActiveCfg = Debug|Any CPU
		{DB4E99F1-3CBE-4E76-9197-D6F884A0F618}.Debug|x64.ActiveCfg = Debug|Any CPU
		{DB4E99F1-3CBE-4E76-9197-D6F884A0F618}.Debug|x86.ActiveCfg = Debug|Any CPU
		{DB4E99F1-3CBE-4E76-9197-D6F884A0F618}.Release|Any CPU.ActiveCfg = Release|Any CPU
		{DB4E99F1-3CBE-4E76-9197-D6F884A0F618}.Release|Any CPU.Build.0 = Release|Any CPU
		{DB4E99F1-3CBE-4E76-9197-D6F884A0F618}.Release|ARM.ActiveCfg = Release|Any CPU
		{DB4E99F1-3CBE-4E76-9197-D6F884A0F618}.Release|x64.ActiveCfg = Release|Any CPU
		{DB4E99F1-3CBE-4E76-9197-D6F884A0F618}.Release|x86.ActiveCfg = Release|Any CPU
		{135504B6-2A47-4E30-994E-60BC49477091}.Debug|Any CPU.ActiveCfg = Debug|Any CPU
		{135504B6-2A47-4E30-994E-60BC49477091}.Debug|Any CPU.Build.0 = Debug|Any CPU
		{135504B6-2A47-4E30-994E-60BC49477091}.Debug|ARM.ActiveCfg = Debug|Any CPU
		{135504B6-2A47-4E30-994E-60BC49477091}.Debug|x64.ActiveCfg = Debug|Any CPU
		{135504B6-2A47-4E30-994E-60BC49477091}.Debug|x86.ActiveCfg = Debug|Any CPU
		{135504B6-2A47-4E30-994E-60BC49477091}.Release|Any CPU.ActiveCfg = Release|Any CPU
		{135504B6-2A47-4E30-994E-60BC49477091}.Release|Any CPU.Build.0 = Release|Any CPU
		{135504B6-2A47-4E30-994E-60BC49477091}.Release|ARM.ActiveCfg = Release|Any CPU
		{135504B6-2A47-4E30-994E-60BC49477091}.Release|x64.ActiveCfg = Release|Any CPU
		{135504B6-2A47-4E30-994E-60BC49477091}.Release|x86.ActiveCfg = Release|Any CPU
		{767FAD7D-A6CF-426E-AC34-6EA187C76FF9}.Debug|Any CPU.ActiveCfg = Debug|Any CPU
		{767FAD7D-A6CF-426E-AC34-6EA187C76FF9}.Debug|Any CPU.Build.0 = Debug|Any CPU
		{767FAD7D-A6CF-426E-AC34-6EA187C76FF9}.Debug|ARM.ActiveCfg = Debug|Any CPU
		{767FAD7D-A6CF-426E-AC34-6EA187C76FF9}.Debug|x64.ActiveCfg = Debug|Any CPU
		{767FAD7D-A6CF-426E-AC34-6EA187C76FF9}.Debug|x86.ActiveCfg = Debug|Any CPU
		{767FAD7D-A6CF-426E-AC34-6EA187C76FF9}.Release|Any CPU.ActiveCfg = Release|Any CPU
		{767FAD7D-A6CF-426E-AC34-6EA187C76FF9}.Release|Any CPU.Build.0 = Release|Any CPU
		{767FAD7D-A6CF-426E-AC34-6EA187C76FF9}.Release|ARM.ActiveCfg = Release|Any CPU
		{767FAD7D-A6CF-426E-AC34-6EA187C76FF9}.Release|x64.ActiveCfg = Release|Any CPU
		{767FAD7D-A6CF-426E-AC34-6EA187C76FF9}.Release|x86.ActiveCfg = Release|Any CPU
		{1B898AE6-9D4A-492C-B9CA-95272A6C6FF1}.Debug|Any CPU.ActiveCfg = Debug|Any CPU
		{1B898AE6-9D4A-492C-B9CA-95272A6C6FF1}.Debug|Any CPU.Build.0 = Debug|Any CPU
		{1B898AE6-9D4A-492C-B9CA-95272A6C6FF1}.Debug|ARM.ActiveCfg = Debug|Any CPU
		{1B898AE6-9D4A-492C-B9CA-95272A6C6FF1}.Debug|x64.ActiveCfg = Debug|Any CPU
		{1B898AE6-9D4A-492C-B9CA-95272A6C6FF1}.Debug|x86.ActiveCfg = Debug|Any CPU
		{1B898AE6-9D4A-492C-B9CA-95272A6C6FF1}.Release|Any CPU.ActiveCfg = Release|Any CPU
		{1B898AE6-9D4A-492C-B9CA-95272A6C6FF1}.Release|Any CPU.Build.0 = Release|Any CPU
		{1B898AE6-9D4A-492C-B9CA-95272A6C6FF1}.Release|ARM.ActiveCfg = Release|Any CPU
		{1B898AE6-9D4A-492C-B9CA-95272A6C6FF1}.Release|x64.ActiveCfg = Release|Any CPU
		{1B898AE6-9D4A-492C-B9CA-95272A6C6FF1}.Release|x86.ActiveCfg = Release|Any CPU
		{8BF0F61D-EA02-4EFE-8D74-A03FE6E23959}.Debug|Any CPU.ActiveCfg = Debug|Any CPU
		{8BF0F61D-EA02-4EFE-8D74-A03FE6E23959}.Debug|Any CPU.Build.0 = Debug|Any CPU
		{8BF0F61D-EA02-4EFE-8D74-A03FE6E23959}.Debug|ARM.ActiveCfg = Debug|Any CPU
		{8BF0F61D-EA02-4EFE-8D74-A03FE6E23959}.Debug|x64.ActiveCfg = Debug|Any CPU
		{8BF0F61D-EA02-4EFE-8D74-A03FE6E23959}.Debug|x86.ActiveCfg = Debug|Any CPU
		{8BF0F61D-EA02-4EFE-8D74-A03FE6E23959}.Release|Any CPU.ActiveCfg = Release|Any CPU
		{8BF0F61D-EA02-4EFE-8D74-A03FE6E23959}.Release|Any CPU.Build.0 = Release|Any CPU
		{8BF0F61D-EA02-4EFE-8D74-A03FE6E23959}.Release|ARM.ActiveCfg = Release|Any CPU
		{8BF0F61D-EA02-4EFE-8D74-A03FE6E23959}.Release|x64.ActiveCfg = Release|Any CPU
		{8BF0F61D-EA02-4EFE-8D74-A03FE6E23959}.Release|x86.ActiveCfg = Release|Any CPU
		{C085C1C6-2EF7-4003-A8FB-F394C64CCDB9}.Debug|Any CPU.ActiveCfg = Debug|Any CPU
		{C085C1C6-2EF7-4003-A8FB-F394C64CCDB9}.Debug|Any CPU.Build.0 = Debug|Any CPU
		{C085C1C6-2EF7-4003-A8FB-F394C64CCDB9}.Debug|ARM.ActiveCfg = Debug|Any CPU
		{C085C1C6-2EF7-4003-A8FB-F394C64CCDB9}.Debug|x64.ActiveCfg = Debug|Any CPU
		{C085C1C6-2EF7-4003-A8FB-F394C64CCDB9}.Debug|x86.ActiveCfg = Debug|Any CPU
		{C085C1C6-2EF7-4003-A8FB-F394C64CCDB9}.Release|Any CPU.ActiveCfg = Release|Any CPU
		{C085C1C6-2EF7-4003-A8FB-F394C64CCDB9}.Release|Any CPU.Build.0 = Release|Any CPU
		{C085C1C6-2EF7-4003-A8FB-F394C64CCDB9}.Release|ARM.ActiveCfg = Release|Any CPU
		{C085C1C6-2EF7-4003-A8FB-F394C64CCDB9}.Release|x64.ActiveCfg = Release|Any CPU
		{C085C1C6-2EF7-4003-A8FB-F394C64CCDB9}.Release|x86.ActiveCfg = Release|Any CPU
		{6D85CAE5-BE33-4E34-BE88-6B89362C5B53}.Debug|Any CPU.ActiveCfg = Debug|Any CPU
		{6D85CAE5-BE33-4E34-BE88-6B89362C5B53}.Debug|Any CPU.Build.0 = Debug|Any CPU
		{6D85CAE5-BE33-4E34-BE88-6B89362C5B53}.Debug|ARM.ActiveCfg = Debug|Any CPU
		{6D85CAE5-BE33-4E34-BE88-6B89362C5B53}.Debug|x64.ActiveCfg = Debug|Any CPU
		{6D85CAE5-BE33-4E34-BE88-6B89362C5B53}.Debug|x86.ActiveCfg = Debug|Any CPU
		{6D85CAE5-BE33-4E34-BE88-6B89362C5B53}.Release|Any CPU.ActiveCfg = Release|Any CPU
		{6D85CAE5-BE33-4E34-BE88-6B89362C5B53}.Release|Any CPU.Build.0 = Release|Any CPU
		{6D85CAE5-BE33-4E34-BE88-6B89362C5B53}.Release|ARM.ActiveCfg = Release|Any CPU
		{6D85CAE5-BE33-4E34-BE88-6B89362C5B53}.Release|x64.ActiveCfg = Release|Any CPU
		{6D85CAE5-BE33-4E34-BE88-6B89362C5B53}.Release|x86.ActiveCfg = Release|Any CPU
		{E9A0FBB0-74FC-4601-B26B-4B7720F6A380}.Debug|Any CPU.ActiveCfg = Debug|Any CPU
		{E9A0FBB0-74FC-4601-B26B-4B7720F6A380}.Debug|Any CPU.Build.0 = Debug|Any CPU
		{E9A0FBB0-74FC-4601-B26B-4B7720F6A380}.Debug|ARM.ActiveCfg = Debug|Any CPU
		{E9A0FBB0-74FC-4601-B26B-4B7720F6A380}.Debug|x64.ActiveCfg = Debug|Any CPU
		{E9A0FBB0-74FC-4601-B26B-4B7720F6A380}.Debug|x86.ActiveCfg = Debug|Any CPU
		{E9A0FBB0-74FC-4601-B26B-4B7720F6A380}.Release|Any CPU.ActiveCfg = Release|Any CPU
		{E9A0FBB0-74FC-4601-B26B-4B7720F6A380}.Release|Any CPU.Build.0 = Release|Any CPU
		{E9A0FBB0-74FC-4601-B26B-4B7720F6A380}.Release|ARM.ActiveCfg = Release|Any CPU
		{E9A0FBB0-74FC-4601-B26B-4B7720F6A380}.Release|x64.ActiveCfg = Release|Any CPU
		{E9A0FBB0-74FC-4601-B26B-4B7720F6A380}.Release|x86.ActiveCfg = Release|Any CPU
		{85FB7974-67DA-4A24-A76E-7DFF6F7FAF4C}.Debug|Any CPU.ActiveCfg = Debug|Any CPU
		{85FB7974-67DA-4A24-A76E-7DFF6F7FAF4C}.Debug|Any CPU.Build.0 = Debug|Any CPU
		{85FB7974-67DA-4A24-A76E-7DFF6F7FAF4C}.Debug|ARM.ActiveCfg = Debug|Any CPU
		{85FB7974-67DA-4A24-A76E-7DFF6F7FAF4C}.Debug|x64.ActiveCfg = Debug|Any CPU
		{85FB7974-67DA-4A24-A76E-7DFF6F7FAF4C}.Debug|x86.ActiveCfg = Debug|Any CPU
		{85FB7974-67DA-4A24-A76E-7DFF6F7FAF4C}.Release|Any CPU.ActiveCfg = Release|Any CPU
		{85FB7974-67DA-4A24-A76E-7DFF6F7FAF4C}.Release|Any CPU.Build.0 = Release|Any CPU
		{85FB7974-67DA-4A24-A76E-7DFF6F7FAF4C}.Release|ARM.ActiveCfg = Release|Any CPU
		{85FB7974-67DA-4A24-A76E-7DFF6F7FAF4C}.Release|x64.ActiveCfg = Release|Any CPU
		{85FB7974-67DA-4A24-A76E-7DFF6F7FAF4C}.Release|x86.ActiveCfg = Release|Any CPU
		{C59F93DA-49AE-4A8A-A011-2BF7EFEC84C6}.Debug|Any CPU.ActiveCfg = Debug|Any CPU
		{C59F93DA-49AE-4A8A-A011-2BF7EFEC84C6}.Debug|Any CPU.Build.0 = Debug|Any CPU
		{C59F93DA-49AE-4A8A-A011-2BF7EFEC84C6}.Debug|ARM.ActiveCfg = Debug|Any CPU
		{C59F93DA-49AE-4A8A-A011-2BF7EFEC84C6}.Debug|x64.ActiveCfg = Debug|Any CPU
		{C59F93DA-49AE-4A8A-A011-2BF7EFEC84C6}.Debug|x86.ActiveCfg = Debug|Any CPU
		{C59F93DA-49AE-4A8A-A011-2BF7EFEC84C6}.Release|Any CPU.ActiveCfg = Release|Any CPU
		{C59F93DA-49AE-4A8A-A011-2BF7EFEC84C6}.Release|Any CPU.Build.0 = Release|Any CPU
		{C59F93DA-49AE-4A8A-A011-2BF7EFEC84C6}.Release|ARM.ActiveCfg = Release|Any CPU
		{C59F93DA-49AE-4A8A-A011-2BF7EFEC84C6}.Release|x64.ActiveCfg = Release|Any CPU
		{C59F93DA-49AE-4A8A-A011-2BF7EFEC84C6}.Release|x86.ActiveCfg = Release|Any CPU
		{EC83887C-A2E1-4769-8AA0-FF8FA106DB40}.Debug|Any CPU.ActiveCfg = Debug|Any CPU
		{EC83887C-A2E1-4769-8AA0-FF8FA106DB40}.Debug|Any CPU.Build.0 = Debug|Any CPU
		{EC83887C-A2E1-4769-8AA0-FF8FA106DB40}.Debug|ARM.ActiveCfg = Debug|Any CPU
		{EC83887C-A2E1-4769-8AA0-FF8FA106DB40}.Debug|x64.ActiveCfg = Debug|Any CPU
		{EC83887C-A2E1-4769-8AA0-FF8FA106DB40}.Debug|x86.ActiveCfg = Debug|Any CPU
		{EC83887C-A2E1-4769-8AA0-FF8FA106DB40}.Release|Any CPU.ActiveCfg = Release|Any CPU
		{EC83887C-A2E1-4769-8AA0-FF8FA106DB40}.Release|Any CPU.Build.0 = Release|Any CPU
		{EC83887C-A2E1-4769-8AA0-FF8FA106DB40}.Release|ARM.ActiveCfg = Release|Any CPU
		{EC83887C-A2E1-4769-8AA0-FF8FA106DB40}.Release|x64.ActiveCfg = Release|Any CPU
		{EC83887C-A2E1-4769-8AA0-FF8FA106DB40}.Release|x86.ActiveCfg = Release|Any CPU
		{93D00F74-CD5F-455A-BD2E-2A384D4CB91D}.Debug|Any CPU.ActiveCfg = Debug|Any CPU
		{93D00F74-CD5F-455A-BD2E-2A384D4CB91D}.Debug|Any CPU.Build.0 = Debug|Any CPU
		{93D00F74-CD5F-455A-BD2E-2A384D4CB91D}.Debug|ARM.ActiveCfg = Debug|Any CPU
		{93D00F74-CD5F-455A-BD2E-2A384D4CB91D}.Debug|x64.ActiveCfg = Debug|Any CPU
		{93D00F74-CD5F-455A-BD2E-2A384D4CB91D}.Debug|x86.ActiveCfg = Debug|Any CPU
		{93D00F74-CD5F-455A-BD2E-2A384D4CB91D}.Release|Any CPU.ActiveCfg = Release|Any CPU
		{93D00F74-CD5F-455A-BD2E-2A384D4CB91D}.Release|Any CPU.Build.0 = Release|Any CPU
		{93D00F74-CD5F-455A-BD2E-2A384D4CB91D}.Release|ARM.ActiveCfg = Release|Any CPU
		{93D00F74-CD5F-455A-BD2E-2A384D4CB91D}.Release|x64.ActiveCfg = Release|Any CPU
		{93D00F74-CD5F-455A-BD2E-2A384D4CB91D}.Release|x86.ActiveCfg = Release|Any CPU
		{0ED4E6F2-006C-4E54-9396-566BE245B1DD}.Debug|Any CPU.ActiveCfg = Debug|Any CPU
		{0ED4E6F2-006C-4E54-9396-566BE245B1DD}.Debug|Any CPU.Build.0 = Debug|Any CPU
		{0ED4E6F2-006C-4E54-9396-566BE245B1DD}.Debug|ARM.ActiveCfg = Debug|Any CPU
		{0ED4E6F2-006C-4E54-9396-566BE245B1DD}.Debug|x64.ActiveCfg = Debug|Any CPU
		{0ED4E6F2-006C-4E54-9396-566BE245B1DD}.Debug|x86.ActiveCfg = Debug|Any CPU
		{0ED4E6F2-006C-4E54-9396-566BE245B1DD}.Release|Any CPU.ActiveCfg = Release|Any CPU
		{0ED4E6F2-006C-4E54-9396-566BE245B1DD}.Release|Any CPU.Build.0 = Release|Any CPU
		{0ED4E6F2-006C-4E54-9396-566BE245B1DD}.Release|ARM.ActiveCfg = Release|Any CPU
		{0ED4E6F2-006C-4E54-9396-566BE245B1DD}.Release|x64.ActiveCfg = Release|Any CPU
		{0ED4E6F2-006C-4E54-9396-566BE245B1DD}.Release|x86.ActiveCfg = Release|Any CPU
		{C0839A63-1571-49CD-AE59-4042DB01478C}.Debug|Any CPU.ActiveCfg = Debug|Any CPU
		{C0839A63-1571-49CD-AE59-4042DB01478C}.Debug|Any CPU.Build.0 = Debug|Any CPU
		{C0839A63-1571-49CD-AE59-4042DB01478C}.Debug|ARM.ActiveCfg = Debug|Any CPU
		{C0839A63-1571-49CD-AE59-4042DB01478C}.Debug|x64.ActiveCfg = Debug|Any CPU
		{C0839A63-1571-49CD-AE59-4042DB01478C}.Debug|x86.ActiveCfg = Debug|Any CPU
		{C0839A63-1571-49CD-AE59-4042DB01478C}.Release|Any CPU.ActiveCfg = Release|Any CPU
		{C0839A63-1571-49CD-AE59-4042DB01478C}.Release|Any CPU.Build.0 = Release|Any CPU
		{C0839A63-1571-49CD-AE59-4042DB01478C}.Release|ARM.ActiveCfg = Release|Any CPU
		{C0839A63-1571-49CD-AE59-4042DB01478C}.Release|x64.ActiveCfg = Release|Any CPU
		{C0839A63-1571-49CD-AE59-4042DB01478C}.Release|x86.ActiveCfg = Release|Any CPU
		{14EF774C-241F-45AA-B625-4598D6C3133E}.Debug|Any CPU.ActiveCfg = Debug|Any CPU
		{14EF774C-241F-45AA-B625-4598D6C3133E}.Debug|Any CPU.Build.0 = Debug|Any CPU
		{14EF774C-241F-45AA-B625-4598D6C3133E}.Debug|ARM.ActiveCfg = Debug|Any CPU
		{14EF774C-241F-45AA-B625-4598D6C3133E}.Debug|x64.ActiveCfg = Debug|Any CPU
		{14EF774C-241F-45AA-B625-4598D6C3133E}.Debug|x86.ActiveCfg = Debug|Any CPU
		{14EF774C-241F-45AA-B625-4598D6C3133E}.Release|Any CPU.ActiveCfg = Release|Any CPU
		{14EF774C-241F-45AA-B625-4598D6C3133E}.Release|Any CPU.Build.0 = Release|Any CPU
		{14EF774C-241F-45AA-B625-4598D6C3133E}.Release|ARM.ActiveCfg = Release|Any CPU
		{14EF774C-241F-45AA-B625-4598D6C3133E}.Release|x64.ActiveCfg = Release|Any CPU
		{14EF774C-241F-45AA-B625-4598D6C3133E}.Release|x86.ActiveCfg = Release|Any CPU
		{FD538470-B83A-4055-AF01-E1885FBBBAA0}.Debug|Any CPU.ActiveCfg = Debug|Any CPU
		{FD538470-B83A-4055-AF01-E1885FBBBAA0}.Debug|Any CPU.Build.0 = Debug|Any CPU
		{FD538470-B83A-4055-AF01-E1885FBBBAA0}.Debug|ARM.ActiveCfg = Debug|Any CPU
		{FD538470-B83A-4055-AF01-E1885FBBBAA0}.Debug|x64.ActiveCfg = Debug|Any CPU
		{FD538470-B83A-4055-AF01-E1885FBBBAA0}.Debug|x86.ActiveCfg = Debug|Any CPU
		{FD538470-B83A-4055-AF01-E1885FBBBAA0}.Release|Any CPU.ActiveCfg = Release|Any CPU
		{FD538470-B83A-4055-AF01-E1885FBBBAA0}.Release|Any CPU.Build.0 = Release|Any CPU
		{FD538470-B83A-4055-AF01-E1885FBBBAA0}.Release|ARM.ActiveCfg = Release|Any CPU
		{FD538470-B83A-4055-AF01-E1885FBBBAA0}.Release|x64.ActiveCfg = Release|Any CPU
		{FD538470-B83A-4055-AF01-E1885FBBBAA0}.Release|x86.ActiveCfg = Release|Any CPU
		{6D09BE30-0E66-46B9-AC74-09771AEFD15B}.Debug|Any CPU.ActiveCfg = Debug|Any CPU
		{6D09BE30-0E66-46B9-AC74-09771AEFD15B}.Debug|Any CPU.Build.0 = Debug|Any CPU
		{6D09BE30-0E66-46B9-AC74-09771AEFD15B}.Debug|ARM.ActiveCfg = Debug|Any CPU
		{6D09BE30-0E66-46B9-AC74-09771AEFD15B}.Debug|x64.ActiveCfg = Debug|Any CPU
		{6D09BE30-0E66-46B9-AC74-09771AEFD15B}.Debug|x86.ActiveCfg = Debug|Any CPU
		{6D09BE30-0E66-46B9-AC74-09771AEFD15B}.Release|Any CPU.ActiveCfg = Release|Any CPU
		{6D09BE30-0E66-46B9-AC74-09771AEFD15B}.Release|Any CPU.Build.0 = Release|Any CPU
		{6D09BE30-0E66-46B9-AC74-09771AEFD15B}.Release|ARM.ActiveCfg = Release|Any CPU
		{6D09BE30-0E66-46B9-AC74-09771AEFD15B}.Release|x64.ActiveCfg = Release|Any CPU
		{6D09BE30-0E66-46B9-AC74-09771AEFD15B}.Release|x86.ActiveCfg = Release|Any CPU
		{240098B2-2092-4EB7-955C-15154052F6E7}.Debug|Any CPU.ActiveCfg = Debug|Any CPU
		{240098B2-2092-4EB7-955C-15154052F6E7}.Debug|Any CPU.Build.0 = Debug|Any CPU
		{240098B2-2092-4EB7-955C-15154052F6E7}.Debug|ARM.ActiveCfg = Debug|Any CPU
		{240098B2-2092-4EB7-955C-15154052F6E7}.Debug|x64.ActiveCfg = Debug|Any CPU
		{240098B2-2092-4EB7-955C-15154052F6E7}.Debug|x86.ActiveCfg = Debug|Any CPU
		{240098B2-2092-4EB7-955C-15154052F6E7}.Release|Any CPU.ActiveCfg = Release|Any CPU
		{240098B2-2092-4EB7-955C-15154052F6E7}.Release|Any CPU.Build.0 = Release|Any CPU
		{240098B2-2092-4EB7-955C-15154052F6E7}.Release|ARM.ActiveCfg = Release|Any CPU
		{240098B2-2092-4EB7-955C-15154052F6E7}.Release|x64.ActiveCfg = Release|Any CPU
		{240098B2-2092-4EB7-955C-15154052F6E7}.Release|x86.ActiveCfg = Release|Any CPU
		{20FC6C18-4C37-4BAE-9482-B77B4664D058}.Debug|Any CPU.ActiveCfg = Debug|Any CPU
		{20FC6C18-4C37-4BAE-9482-B77B4664D058}.Debug|Any CPU.Build.0 = Debug|Any CPU
		{20FC6C18-4C37-4BAE-9482-B77B4664D058}.Debug|ARM.ActiveCfg = Debug|Any CPU
		{20FC6C18-4C37-4BAE-9482-B77B4664D058}.Debug|x64.ActiveCfg = Debug|Any CPU
		{20FC6C18-4C37-4BAE-9482-B77B4664D058}.Debug|x86.ActiveCfg = Debug|Any CPU
		{20FC6C18-4C37-4BAE-9482-B77B4664D058}.Release|Any CPU.ActiveCfg = Release|Any CPU
		{20FC6C18-4C37-4BAE-9482-B77B4664D058}.Release|Any CPU.Build.0 = Release|Any CPU
		{20FC6C18-4C37-4BAE-9482-B77B4664D058}.Release|ARM.ActiveCfg = Release|Any CPU
		{20FC6C18-4C37-4BAE-9482-B77B4664D058}.Release|x64.ActiveCfg = Release|Any CPU
		{20FC6C18-4C37-4BAE-9482-B77B4664D058}.Release|x86.ActiveCfg = Release|Any CPU
		{602FFE39-19E6-4E1B-A496-CFB6D01F2B7A}.Debug|Any CPU.ActiveCfg = Debug|Any CPU
		{602FFE39-19E6-4E1B-A496-CFB6D01F2B7A}.Debug|Any CPU.Build.0 = Debug|Any CPU
		{602FFE39-19E6-4E1B-A496-CFB6D01F2B7A}.Debug|ARM.ActiveCfg = Debug|Any CPU
		{602FFE39-19E6-4E1B-A496-CFB6D01F2B7A}.Debug|x64.ActiveCfg = Debug|Any CPU
		{602FFE39-19E6-4E1B-A496-CFB6D01F2B7A}.Debug|x86.ActiveCfg = Debug|Any CPU
		{602FFE39-19E6-4E1B-A496-CFB6D01F2B7A}.Release|Any CPU.ActiveCfg = Release|Any CPU
		{602FFE39-19E6-4E1B-A496-CFB6D01F2B7A}.Release|Any CPU.Build.0 = Release|Any CPU
		{602FFE39-19E6-4E1B-A496-CFB6D01F2B7A}.Release|ARM.ActiveCfg = Release|Any CPU
		{602FFE39-19E6-4E1B-A496-CFB6D01F2B7A}.Release|x64.ActiveCfg = Release|Any CPU
		{602FFE39-19E6-4E1B-A496-CFB6D01F2B7A}.Release|x86.ActiveCfg = Release|Any CPU
		{30EB1357-554D-432C-A01A-8B3145A8C119}.Debug|Any CPU.ActiveCfg = Debug|Any CPU
		{30EB1357-554D-432C-A01A-8B3145A8C119}.Debug|Any CPU.Build.0 = Debug|Any CPU
		{30EB1357-554D-432C-A01A-8B3145A8C119}.Debug|ARM.ActiveCfg = Debug|Any CPU
		{30EB1357-554D-432C-A01A-8B3145A8C119}.Debug|x64.ActiveCfg = Debug|Any CPU
		{30EB1357-554D-432C-A01A-8B3145A8C119}.Debug|x86.ActiveCfg = Debug|Any CPU
		{30EB1357-554D-432C-A01A-8B3145A8C119}.Release|Any CPU.ActiveCfg = Release|Any CPU
		{30EB1357-554D-432C-A01A-8B3145A8C119}.Release|Any CPU.Build.0 = Release|Any CPU
		{30EB1357-554D-432C-A01A-8B3145A8C119}.Release|ARM.ActiveCfg = Release|Any CPU
		{30EB1357-554D-432C-A01A-8B3145A8C119}.Release|x64.ActiveCfg = Release|Any CPU
		{30EB1357-554D-432C-A01A-8B3145A8C119}.Release|x86.ActiveCfg = Release|Any CPU
		{D8CBEDAB-2991-47DA-82F0-D748C0AFB11A}.Debug|Any CPU.ActiveCfg = Debug|Any CPU
		{D8CBEDAB-2991-47DA-82F0-D748C0AFB11A}.Debug|Any CPU.Build.0 = Debug|Any CPU
		{D8CBEDAB-2991-47DA-82F0-D748C0AFB11A}.Debug|ARM.ActiveCfg = Debug|Any CPU
		{D8CBEDAB-2991-47DA-82F0-D748C0AFB11A}.Debug|x64.ActiveCfg = Debug|Any CPU
		{D8CBEDAB-2991-47DA-82F0-D748C0AFB11A}.Debug|x86.ActiveCfg = Debug|Any CPU
		{D8CBEDAB-2991-47DA-82F0-D748C0AFB11A}.Release|Any CPU.ActiveCfg = Release|Any CPU
		{D8CBEDAB-2991-47DA-82F0-D748C0AFB11A}.Release|Any CPU.Build.0 = Release|Any CPU
		{D8CBEDAB-2991-47DA-82F0-D748C0AFB11A}.Release|ARM.ActiveCfg = Release|Any CPU
		{D8CBEDAB-2991-47DA-82F0-D748C0AFB11A}.Release|x64.ActiveCfg = Release|Any CPU
		{D8CBEDAB-2991-47DA-82F0-D748C0AFB11A}.Release|x86.ActiveCfg = Release|Any CPU
	EndGlobalSection
	GlobalSection(SolutionProperties) = preSolution
		HideSolutionNode = FALSE
	EndGlobalSection
	GlobalSection(NestedProjects) = preSolution
		{C669FC1F-2AAF-4F22-B557-9C68F69A0B97} = {63E573C9-D4C7-42E6-9055-DA74A2CB42CF}
		{FCD5EF38-2602-43CE-AB0E-B01068873084} = {63E573C9-D4C7-42E6-9055-DA74A2CB42CF}
		{5C7DD589-456C-4DD7-9A92-99C0F952D08C} = {63E573C9-D4C7-42E6-9055-DA74A2CB42CF}
		{49AE62F7-E68D-4D15-82C9-AEFAD0769FFF} = {D02EE7AB-5E92-4BF2-9ADC-1CFF12355895}
		{53515226-FBB6-477E-9C5F-4C5C592D6EC7} = {63E573C9-D4C7-42E6-9055-DA74A2CB42CF}
		{591AD4DF-2FAD-4451-8A8A-5EF36ED2A2AC} = {D02EE7AB-5E92-4BF2-9ADC-1CFF12355895}
		{B48B5BEC-DE0F-4310-9A36-FF9C07D77ACF} = {D02EE7AB-5E92-4BF2-9ADC-1CFF12355895}
		{253F225A-8A50-4D1B-825B-E8C45370E7A9} = {D02EE7AB-5E92-4BF2-9ADC-1CFF12355895}
		{8AD2DC17-392C-4BBE-B34B-11A3ACB9DC86} = {D02EE7AB-5E92-4BF2-9ADC-1CFF12355895}
		{E72F0DF7-1725-4F64-AAFF-00208CD7553E} = {D02EE7AB-5E92-4BF2-9ADC-1CFF12355895}
		{DB4E99F1-3CBE-4E76-9197-D6F884A0F618} = {135601F4-F15B-4EB2-A3F9-1385E9C1AE93}
		{135504B6-2A47-4E30-994E-60BC49477091} = {135601F4-F15B-4EB2-A3F9-1385E9C1AE93}
		{767FAD7D-A6CF-426E-AC34-6EA187C76FF9} = {135601F4-F15B-4EB2-A3F9-1385E9C1AE93}
		{1B898AE6-9D4A-492C-B9CA-95272A6C6FF1} = {135601F4-F15B-4EB2-A3F9-1385E9C1AE93}
		{8BF0F61D-EA02-4EFE-8D74-A03FE6E23959} = {D02EE7AB-5E92-4BF2-9ADC-1CFF12355895}
		{C085C1C6-2EF7-4003-A8FB-F394C64CCDB9} = {135601F4-F15B-4EB2-A3F9-1385E9C1AE93}
		{6D85CAE5-BE33-4E34-BE88-6B89362C5B53} = {135601F4-F15B-4EB2-A3F9-1385E9C1AE93}
		{E9A0FBB0-74FC-4601-B26B-4B7720F6A380} = {D02EE7AB-5E92-4BF2-9ADC-1CFF12355895}
		{85FB7974-67DA-4A24-A76E-7DFF6F7FAF4C} = {135601F4-F15B-4EB2-A3F9-1385E9C1AE93}
		{C59F93DA-49AE-4A8A-A011-2BF7EFEC84C6} = {4D938E88-567A-4F81-A0E4-A56650C81053}
		{EC83887C-A2E1-4769-8AA0-FF8FA106DB40} = {557CC2FF-843C-4096-B12B-6F9A8884FA3E}
		{93D00F74-CD5F-455A-BD2E-2A384D4CB91D} = {557CC2FF-843C-4096-B12B-6F9A8884FA3E}
		{0ED4E6F2-006C-4E54-9396-566BE245B1DD} = {557CC2FF-843C-4096-B12B-6F9A8884FA3E}
		{C0839A63-1571-49CD-AE59-4042DB01478C} = {557CC2FF-843C-4096-B12B-6F9A8884FA3E}
		{14EF774C-241F-45AA-B625-4598D6C3133E} = {557CC2FF-843C-4096-B12B-6F9A8884FA3E}
		{FD538470-B83A-4055-AF01-E1885FBBBAA0} = {557CC2FF-843C-4096-B12B-6F9A8884FA3E}
		{6D09BE30-0E66-46B9-AC74-09771AEFD15B} = {4D938E88-567A-4F81-A0E4-A56650C81053}
		{667F5571-5118-4BDB-A011-BFB5DEAE389C} = {4D938E88-567A-4F81-A0E4-A56650C81053}
		{240098B2-2092-4EB7-955C-15154052F6E7} = {667F5571-5118-4BDB-A011-BFB5DEAE389C}
		{20FC6C18-4C37-4BAE-9482-B77B4664D058} = {667F5571-5118-4BDB-A011-BFB5DEAE389C}
		{FD7E428B-8FDB-4EEA-95E6-28598703E605} = {4D938E88-567A-4F81-A0E4-A56650C81053}
		{602FFE39-19E6-4E1B-A496-CFB6D01F2B7A} = {FD7E428B-8FDB-4EEA-95E6-28598703E605}
		{30EB1357-554D-432C-A01A-8B3145A8C119} = {FD7E428B-8FDB-4EEA-95E6-28598703E605}
		{D8CBEDAB-2991-47DA-82F0-D748C0AFB11A} = {667F5571-5118-4BDB-A011-BFB5DEAE389C}
		{876AAE43-D461-4261-BE26-1AF1593FE770} = {4D938E88-567A-4F81-A0E4-A56650C81053}
	EndGlobalSection
	GlobalSection(ExtensibilityGlobals) = postSolution
		EnterpriseLibraryConfigurationToolBinariesPath = packages\Unity.2.1.505.2\lib\NET35
	EndGlobalSection
EndGlobal
